
Microsoft Visual Studio Solution File, Format Version 12.00
# Visual Studio Version 17
VisualStudioVersion = 17.0.31903.59
MinimumVisualStudioVersion = 10.0.40219.1
Project("{2150E333-8FDC-42A3-9474-1A3956D46DE8}") = "src", "src", "{827E0CD3-B72D-47B6-A68D-7590B98EB39B}"
EndProject
Project("{FAE04EC0-301F-11D3-BF4B-00C04F79EFBC}") = "Winix.TimeIt", "src\Winix.TimeIt\Winix.TimeIt.csproj", "{B0A116DD-E27A-4E37-963C-EB1E51BE73BC}"
EndProject
Project("{FAE04EC0-301F-11D3-BF4B-00C04F79EFBC}") = "timeit", "src\timeit\timeit.csproj", "{0BC0A170-83B2-4871-8B50-6090793C79B3}"
EndProject
Project("{2150E333-8FDC-42A3-9474-1A3956D46DE8}") = "tests", "tests", "{0AB3BF05-4346-4AA6-1389-037BE0695223}"
EndProject
Project("{FAE04EC0-301F-11D3-BF4B-00C04F79EFBC}") = "Winix.TimeIt.Tests", "tests\Winix.TimeIt.Tests\Winix.TimeIt.Tests.csproj", "{54B5BC55-F9CA-4135-87BE-8561C1DF93E0}"
EndProject
Project("{FAE04EC0-301F-11D3-BF4B-00C04F79EFBC}") = "Winix.Squeeze", "src\Winix.Squeeze\Winix.Squeeze.csproj", "{99DEC633-9C13-4F77-AEC8-E69B99C4502E}"
EndProject
Project("{FAE04EC0-301F-11D3-BF4B-00C04F79EFBC}") = "squeeze", "src\squeeze\squeeze.csproj", "{1A8DFFAC-31C9-4A48-80BE-49107F924A0F}"
EndProject
Project("{FAE04EC0-301F-11D3-BF4B-00C04F79EFBC}") = "Winix.Squeeze.Tests", "tests\Winix.Squeeze.Tests\Winix.Squeeze.Tests.csproj", "{F8D010D3-2133-4621-A525-84D97E21786C}"
EndProject
Project("{FAE04EC0-301F-11D3-BF4B-00C04F79EFBC}") = "Yort.ShellKit", "src\Yort.ShellKit\Yort.ShellKit.csproj", "{EF154D47-57A7-492D-BB79-5D803AE2310D}"
EndProject
Project("{FAE04EC0-301F-11D3-BF4B-00C04F79EFBC}") = "Yort.ShellKit.Tests", "tests\Yort.ShellKit.Tests\Yort.ShellKit.Tests.csproj", "{908ED09E-9172-4BAF-B81D-62E8AEE79F62}"
EndProject
Project("{FAE04EC0-301F-11D3-BF4B-00C04F79EFBC}") = "Winix.Peep", "src\Winix.Peep\Winix.Peep.csproj", "{0C65532A-4C1E-40A3-98F6-5A86192F77F6}"
EndProject
Project("{FAE04EC0-301F-11D3-BF4B-00C04F79EFBC}") = "peep", "src\peep\peep.csproj", "{D1B856F9-7F8A-4816-8175-759A3E380813}"
EndProject
Project("{FAE04EC0-301F-11D3-BF4B-00C04F79EFBC}") = "Winix.Peep.Tests", "tests\Winix.Peep.Tests\Winix.Peep.Tests.csproj", "{A432B9EB-C4BB-46D4-A1D3-BE3960E36383}"
EndProject
Project("{FAE04EC0-301F-11D3-BF4B-00C04F79EFBC}") = "Winix.Wargs", "src\Winix.Wargs\Winix.Wargs.csproj", "{FA61A92D-C925-4586-A604-2C98EADAB65B}"
EndProject
Project("{FAE04EC0-301F-11D3-BF4B-00C04F79EFBC}") = "wargs", "src\wargs\wargs.csproj", "{B70AAB60-3D1A-402C-BABC-C87536E8E4B9}"
EndProject
Project("{FAE04EC0-301F-11D3-BF4B-00C04F79EFBC}") = "Winix.Wargs.Tests", "tests\Winix.Wargs.Tests\Winix.Wargs.Tests.csproj", "{DE393E70-91D7-44AC-A712-820486A3B289}"
EndProject
Project("{FAE04EC0-301F-11D3-BF4B-00C04F79EFBC}") = "Winix.FileWalk", "src\Winix.FileWalk\Winix.FileWalk.csproj", "{9F635D52-35BC-4793-AA31-FCFA01BF117A}"
EndProject
Project("{FAE04EC0-301F-11D3-BF4B-00C04F79EFBC}") = "Winix.Files", "src\Winix.Files\Winix.Files.csproj", "{8B7D989D-5106-4197-AF06-CBF27968CBAE}"
EndProject
Project("{FAE04EC0-301F-11D3-BF4B-00C04F79EFBC}") = "files", "src\files\files.csproj", "{1F2C123C-2D79-4AAD-8D8D-76A31195F339}"
EndProject
Project("{FAE04EC0-301F-11D3-BF4B-00C04F79EFBC}") = "Winix.FileWalk.Tests", "tests\Winix.FileWalk.Tests\Winix.FileWalk.Tests.csproj", "{C28B3C29-D9D6-4F1B-B9E2-8CAB58EE27F0}"
EndProject
Project("{FAE04EC0-301F-11D3-BF4B-00C04F79EFBC}") = "Winix.Files.Tests", "tests\Winix.Files.Tests\Winix.Files.Tests.csproj", "{F57B1DBD-ACFF-4D51-B0EC-F8D4D672A394}"
EndProject
Project("{FAE04EC0-301F-11D3-BF4B-00C04F79EFBC}") = "Winix.TreeX", "src\Winix.TreeX\Winix.TreeX.csproj", "{749EC336-C280-4DC2-A9B5-E97B4A2F2F0A}"
EndProject
Project("{FAE04EC0-301F-11D3-BF4B-00C04F79EFBC}") = "treex", "src\treex\treex.csproj", "{B7DDE81B-7C9D-482F-BBDC-70123C7864B6}"
EndProject
Project("{FAE04EC0-301F-11D3-BF4B-00C04F79EFBC}") = "Winix.TreeX.Tests", "tests\Winix.TreeX.Tests\Winix.TreeX.Tests.csproj", "{883F029F-DA87-40F3-8564-23E1E52D91D7}"
EndProject
Project("{FAE04EC0-301F-11D3-BF4B-00C04F79EFBC}") = "Winix.Winix", "src\Winix.Winix\Winix.Winix.csproj", "{FB3EBB17-CF81-4E69-844D-C2F5A73E0EC3}"
EndProject
Project("{FAE04EC0-301F-11D3-BF4B-00C04F79EFBC}") = "winix", "src\winix\winix.csproj", "{CFE5DC66-3087-4075-B49D-8CDEC6FB9A22}"
EndProject
Project("{FAE04EC0-301F-11D3-BF4B-00C04F79EFBC}") = "Winix.Winix.Tests", "tests\Winix.Winix.Tests\Winix.Winix.Tests.csproj", "{F33625FF-29A1-4075-ACED-DD1014D51745}"
EndProject
Project("{FAE04EC0-301F-11D3-BF4B-00C04F79EFBC}") = "Winix.Man", "src\Winix.Man\Winix.Man.csproj", "{B2AEEADE-60D0-4A45-B59C-2E86587B4D9A}"
EndProject
Project("{FAE04EC0-301F-11D3-BF4B-00C04F79EFBC}") = "man", "src\man\man.csproj", "{3E1437CA-7CE0-4F0A-AC87-56C159F45484}"
EndProject
Project("{FAE04EC0-301F-11D3-BF4B-00C04F79EFBC}") = "Winix.Man.Tests", "tests\Winix.Man.Tests\Winix.Man.Tests.csproj", "{A197648C-2CAF-4A2B-90E7-BE7CA7433DDF}"
EndProject
Project("{FAE04EC0-301F-11D3-BF4B-00C04F79EFBC}") = "Winix.Less", "src\Winix.Less\Winix.Less.csproj", "{7FBEB4CE-3415-455E-9021-4BDEDFCBFD22}"
EndProject
Project("{FAE04EC0-301F-11D3-BF4B-00C04F79EFBC}") = "less", "src\less\less.csproj", "{89636CDF-4736-4ADB-B377-D82AD7723AE3}"
EndProject
Project("{FAE04EC0-301F-11D3-BF4B-00C04F79EFBC}") = "Winix.Less.Tests", "tests\Winix.Less.Tests\Winix.Less.Tests.csproj", "{E95937E2-0EA5-4C50-A39A-07D85B4E0A6F}"
EndProject
Project("{FAE04EC0-301F-11D3-BF4B-00C04F79EFBC}") = "Winix.WhoHolds", "src\Winix.WhoHolds\Winix.WhoHolds.csproj", "{FBAD9D75-E6D7-4D1F-8DBC-85D061DB827B}"
EndProject
Project("{FAE04EC0-301F-11D3-BF4B-00C04F79EFBC}") = "whoholds", "src\whoholds\whoholds.csproj", "{7F0C5894-FAD9-4A77-A692-752A940B98BD}"
EndProject
Project("{FAE04EC0-301F-11D3-BF4B-00C04F79EFBC}") = "Winix.WhoHolds.Tests", "tests\Winix.WhoHolds.Tests\Winix.WhoHolds.Tests.csproj", "{E41A3BCE-C08D-4D24-8B14-174A2C356B75}"
EndProject
Project("{FAE04EC0-301F-11D3-BF4B-00C04F79EFBC}") = "Winix.Schedule", "src\Winix.Schedule\Winix.Schedule.csproj", "{C1602EFF-85C6-400B-BF77-E38ECB7C10C2}"
EndProject
Project("{FAE04EC0-301F-11D3-BF4B-00C04F79EFBC}") = "schedule", "src\schedule\schedule.csproj", "{9D5001A6-FBD2-4E52-9C67-305BC154F799}"
EndProject
Project("{FAE04EC0-301F-11D3-BF4B-00C04F79EFBC}") = "Winix.Schedule.Tests", "tests\Winix.Schedule.Tests\Winix.Schedule.Tests.csproj", "{D2BB546D-F297-4F1D-A018-07FC64AA1E96}"
EndProject
Project("{FAE04EC0-301F-11D3-BF4B-00C04F79EFBC}") = "Winix.NetCat", "src\Winix.NetCat\Winix.NetCat.csproj", "{DB57A4CE-3FA4-4C24-A5D1-13DECF4B9625}"
EndProject
Project("{FAE04EC0-301F-11D3-BF4B-00C04F79EFBC}") = "nc", "src\nc\nc.csproj", "{2F6B4949-0DE2-4899-A11A-8005224CA6FA}"
EndProject
Project("{FAE04EC0-301F-11D3-BF4B-00C04F79EFBC}") = "Winix.NetCat.Tests", "tests\Winix.NetCat.Tests\Winix.NetCat.Tests.csproj", "{24E2C364-ED51-40F6-99F6-DDD912A6701C}"
EndProject
Project("{FAE04EC0-301F-11D3-BF4B-00C04F79EFBC}") = "Winix.Retry", "src\Winix.Retry\Winix.Retry.csproj", "{A0A572AE-AF16-4EEE-884A-C4DBE11EEDC9}"
EndProject
Project("{FAE04EC0-301F-11D3-BF4B-00C04F79EFBC}") = "retry", "src\retry\retry.csproj", "{22C78954-99DD-459F-A9B3-D13C1E4AD9AD}"
EndProject
Project("{FAE04EC0-301F-11D3-BF4B-00C04F79EFBC}") = "Winix.Retry.Tests", "tests\Winix.Retry.Tests\Winix.Retry.Tests.csproj", "{6F8FEE39-8C74-4EC3-8D0A-8191834A1C9B}"
EndProject
Project("{FAE04EC0-301F-11D3-BF4B-00C04F79EFBC}") = "Winix.When", "src\Winix.When\Winix.When.csproj", "{B93B661B-FD33-44DC-B22C-DC74E6AD9CAA}"
EndProject
Project("{FAE04EC0-301F-11D3-BF4B-00C04F79EFBC}") = "when", "src\when\when.csproj", "{14C152D8-0E54-453C-9FDD-4E825920CFC8}"
EndProject
Project("{FAE04EC0-301F-11D3-BF4B-00C04F79EFBC}") = "Winix.When.Tests", "tests\Winix.When.Tests\Winix.When.Tests.csproj", "{EB650966-6509-477A-851F-CC5E8A2FEA7B}"
EndProject
Project("{FAE04EC0-301F-11D3-BF4B-00C04F79EFBC}") = "Winix.Clip", "src\Winix.Clip\Winix.Clip.csproj", "{6381C68A-F571-4FCB-BAFE-C67499988C33}"
EndProject
Project("{FAE04EC0-301F-11D3-BF4B-00C04F79EFBC}") = "clip", "src\clip\clip.csproj", "{3F7884A2-D009-48A2-AA69-56086D249E27}"
EndProject
Project("{FAE04EC0-301F-11D3-BF4B-00C04F79EFBC}") = "Winix.Clip.Tests", "tests\Winix.Clip.Tests\Winix.Clip.Tests.csproj", "{D5802625-D04B-4326-A224-B8BDFDEAEFED}"
EndProject
Project("{FAE04EC0-301F-11D3-BF4B-00C04F79EFBC}") = "Winix.Codec", "src\Winix.Codec\Winix.Codec.csproj", "{11691A9E-059E-4063-9367-DC0BF530D590}"
EndProject
Project("{FAE04EC0-301F-11D3-BF4B-00C04F79EFBC}") = "Winix.Ids", "src\Winix.Ids\Winix.Ids.csproj", "{D07A3F6C-D7CD-42AE-BA93-C9B650766077}"
EndProject
Project("{FAE04EC0-301F-11D3-BF4B-00C04F79EFBC}") = "ids", "src\ids\ids.csproj", "{4DE7A20A-63B8-4CE4-A1D9-5A007D23E4E7}"
EndProject
Project("{FAE04EC0-301F-11D3-BF4B-00C04F79EFBC}") = "Winix.Codec.Tests", "tests\Winix.Codec.Tests\Winix.Codec.Tests.csproj", "{8059FC19-6926-44EB-8137-A942FB8AC6DB}"
EndProject
Project("{FAE04EC0-301F-11D3-BF4B-00C04F79EFBC}") = "Winix.Ids.Tests", "tests\Winix.Ids.Tests\Winix.Ids.Tests.csproj", "{22715B99-513F-4DAE-B0BC-F38568268F3F}"
EndProject
Project("{FAE04EC0-301F-11D3-BF4B-00C04F79EFBC}") = "Winix.Digest", "src\Winix.Digest\Winix.Digest.csproj", "{9A115AFC-DDAF-4919-B616-FAC775204BF2}"
EndProject
Project("{FAE04EC0-301F-11D3-BF4B-00C04F79EFBC}") = "digest", "src\digest\digest.csproj", "{22C9FA3A-E65B-4531-B94D-E6305F21C9DB}"
EndProject
Project("{FAE04EC0-301F-11D3-BF4B-00C04F79EFBC}") = "Winix.Digest.Tests", "tests\Winix.Digest.Tests\Winix.Digest.Tests.csproj", "{07E62CC0-E189-4EA2-9546-2E16B2BE9F23}"
EndProject
Global
	GlobalSection(SolutionConfigurationPlatforms) = preSolution
		Debug|Any CPU = Debug|Any CPU
		Debug|x64 = Debug|x64
		Debug|x86 = Debug|x86
		Release|Any CPU = Release|Any CPU
		Release|x64 = Release|x64
		Release|x86 = Release|x86
	EndGlobalSection
	GlobalSection(ProjectConfigurationPlatforms) = postSolution
		{B0A116DD-E27A-4E37-963C-EB1E51BE73BC}.Debug|Any CPU.ActiveCfg = Debug|Any CPU
		{B0A116DD-E27A-4E37-963C-EB1E51BE73BC}.Debug|Any CPU.Build.0 = Debug|Any CPU
		{B0A116DD-E27A-4E37-963C-EB1E51BE73BC}.Debug|x64.ActiveCfg = Debug|Any CPU
		{B0A116DD-E27A-4E37-963C-EB1E51BE73BC}.Debug|x64.Build.0 = Debug|Any CPU
		{B0A116DD-E27A-4E37-963C-EB1E51BE73BC}.Debug|x86.ActiveCfg = Debug|Any CPU
		{B0A116DD-E27A-4E37-963C-EB1E51BE73BC}.Debug|x86.Build.0 = Debug|Any CPU
		{B0A116DD-E27A-4E37-963C-EB1E51BE73BC}.Release|Any CPU.ActiveCfg = Release|Any CPU
		{B0A116DD-E27A-4E37-963C-EB1E51BE73BC}.Release|Any CPU.Build.0 = Release|Any CPU
		{B0A116DD-E27A-4E37-963C-EB1E51BE73BC}.Release|x64.ActiveCfg = Release|Any CPU
		{B0A116DD-E27A-4E37-963C-EB1E51BE73BC}.Release|x64.Build.0 = Release|Any CPU
		{B0A116DD-E27A-4E37-963C-EB1E51BE73BC}.Release|x86.ActiveCfg = Release|Any CPU
		{B0A116DD-E27A-4E37-963C-EB1E51BE73BC}.Release|x86.Build.0 = Release|Any CPU
		{0BC0A170-83B2-4871-8B50-6090793C79B3}.Debug|Any CPU.ActiveCfg = Debug|Any CPU
		{0BC0A170-83B2-4871-8B50-6090793C79B3}.Debug|Any CPU.Build.0 = Debug|Any CPU
		{0BC0A170-83B2-4871-8B50-6090793C79B3}.Debug|x64.ActiveCfg = Debug|Any CPU
		{0BC0A170-83B2-4871-8B50-6090793C79B3}.Debug|x64.Build.0 = Debug|Any CPU
		{0BC0A170-83B2-4871-8B50-6090793C79B3}.Debug|x86.ActiveCfg = Debug|Any CPU
		{0BC0A170-83B2-4871-8B50-6090793C79B3}.Debug|x86.Build.0 = Debug|Any CPU
		{0BC0A170-83B2-4871-8B50-6090793C79B3}.Release|Any CPU.ActiveCfg = Release|Any CPU
		{0BC0A170-83B2-4871-8B50-6090793C79B3}.Release|Any CPU.Build.0 = Release|Any CPU
		{0BC0A170-83B2-4871-8B50-6090793C79B3}.Release|x64.ActiveCfg = Release|Any CPU
		{0BC0A170-83B2-4871-8B50-6090793C79B3}.Release|x64.Build.0 = Release|Any CPU
		{0BC0A170-83B2-4871-8B50-6090793C79B3}.Release|x86.ActiveCfg = Release|Any CPU
		{0BC0A170-83B2-4871-8B50-6090793C79B3}.Release|x86.Build.0 = Release|Any CPU
		{54B5BC55-F9CA-4135-87BE-8561C1DF93E0}.Debug|Any CPU.ActiveCfg = Debug|Any CPU
		{54B5BC55-F9CA-4135-87BE-8561C1DF93E0}.Debug|Any CPU.Build.0 = Debug|Any CPU
		{54B5BC55-F9CA-4135-87BE-8561C1DF93E0}.Debug|x64.ActiveCfg = Debug|Any CPU
		{54B5BC55-F9CA-4135-87BE-8561C1DF93E0}.Debug|x64.Build.0 = Debug|Any CPU
		{54B5BC55-F9CA-4135-87BE-8561C1DF93E0}.Debug|x86.ActiveCfg = Debug|Any CPU
		{54B5BC55-F9CA-4135-87BE-8561C1DF93E0}.Debug|x86.Build.0 = Debug|Any CPU
		{54B5BC55-F9CA-4135-87BE-8561C1DF93E0}.Release|Any CPU.ActiveCfg = Release|Any CPU
		{54B5BC55-F9CA-4135-87BE-8561C1DF93E0}.Release|Any CPU.Build.0 = Release|Any CPU
		{54B5BC55-F9CA-4135-87BE-8561C1DF93E0}.Release|x64.ActiveCfg = Release|Any CPU
		{54B5BC55-F9CA-4135-87BE-8561C1DF93E0}.Release|x64.Build.0 = Release|Any CPU
		{54B5BC55-F9CA-4135-87BE-8561C1DF93E0}.Release|x86.ActiveCfg = Release|Any CPU
		{54B5BC55-F9CA-4135-87BE-8561C1DF93E0}.Release|x86.Build.0 = Release|Any CPU
		{99DEC633-9C13-4F77-AEC8-E69B99C4502E}.Debug|Any CPU.ActiveCfg = Debug|Any CPU
		{99DEC633-9C13-4F77-AEC8-E69B99C4502E}.Debug|Any CPU.Build.0 = Debug|Any CPU
		{99DEC633-9C13-4F77-AEC8-E69B99C4502E}.Debug|x64.ActiveCfg = Debug|Any CPU
		{99DEC633-9C13-4F77-AEC8-E69B99C4502E}.Debug|x64.Build.0 = Debug|Any CPU
		{99DEC633-9C13-4F77-AEC8-E69B99C4502E}.Debug|x86.ActiveCfg = Debug|Any CPU
		{99DEC633-9C13-4F77-AEC8-E69B99C4502E}.Debug|x86.Build.0 = Debug|Any CPU
		{99DEC633-9C13-4F77-AEC8-E69B99C4502E}.Release|Any CPU.ActiveCfg = Release|Any CPU
		{99DEC633-9C13-4F77-AEC8-E69B99C4502E}.Release|Any CPU.Build.0 = Release|Any CPU
		{99DEC633-9C13-4F77-AEC8-E69B99C4502E}.Release|x64.ActiveCfg = Release|Any CPU
		{99DEC633-9C13-4F77-AEC8-E69B99C4502E}.Release|x64.Build.0 = Release|Any CPU
		{99DEC633-9C13-4F77-AEC8-E69B99C4502E}.Release|x86.ActiveCfg = Release|Any CPU
		{99DEC633-9C13-4F77-AEC8-E69B99C4502E}.Release|x86.Build.0 = Release|Any CPU
		{1A8DFFAC-31C9-4A48-80BE-49107F924A0F}.Debug|Any CPU.ActiveCfg = Debug|Any CPU
		{1A8DFFAC-31C9-4A48-80BE-49107F924A0F}.Debug|Any CPU.Build.0 = Debug|Any CPU
		{1A8DFFAC-31C9-4A48-80BE-49107F924A0F}.Debug|x64.ActiveCfg = Debug|Any CPU
		{1A8DFFAC-31C9-4A48-80BE-49107F924A0F}.Debug|x64.Build.0 = Debug|Any CPU
		{1A8DFFAC-31C9-4A48-80BE-49107F924A0F}.Debug|x86.ActiveCfg = Debug|Any CPU
		{1A8DFFAC-31C9-4A48-80BE-49107F924A0F}.Debug|x86.Build.0 = Debug|Any CPU
		{1A8DFFAC-31C9-4A48-80BE-49107F924A0F}.Release|Any CPU.ActiveCfg = Release|Any CPU
		{1A8DFFAC-31C9-4A48-80BE-49107F924A0F}.Release|Any CPU.Build.0 = Release|Any CPU
		{1A8DFFAC-31C9-4A48-80BE-49107F924A0F}.Release|x64.ActiveCfg = Release|Any CPU
		{1A8DFFAC-31C9-4A48-80BE-49107F924A0F}.Release|x64.Build.0 = Release|Any CPU
		{1A8DFFAC-31C9-4A48-80BE-49107F924A0F}.Release|x86.ActiveCfg = Release|Any CPU
		{1A8DFFAC-31C9-4A48-80BE-49107F924A0F}.Release|x86.Build.0 = Release|Any CPU
		{F8D010D3-2133-4621-A525-84D97E21786C}.Debug|Any CPU.ActiveCfg = Debug|Any CPU
		{F8D010D3-2133-4621-A525-84D97E21786C}.Debug|Any CPU.Build.0 = Debug|Any CPU
		{F8D010D3-2133-4621-A525-84D97E21786C}.Debug|x64.ActiveCfg = Debug|Any CPU
		{F8D010D3-2133-4621-A525-84D97E21786C}.Debug|x64.Build.0 = Debug|Any CPU
		{F8D010D3-2133-4621-A525-84D97E21786C}.Debug|x86.ActiveCfg = Debug|Any CPU
		{F8D010D3-2133-4621-A525-84D97E21786C}.Debug|x86.Build.0 = Debug|Any CPU
		{F8D010D3-2133-4621-A525-84D97E21786C}.Release|Any CPU.ActiveCfg = Release|Any CPU
		{F8D010D3-2133-4621-A525-84D97E21786C}.Release|Any CPU.Build.0 = Release|Any CPU
		{F8D010D3-2133-4621-A525-84D97E21786C}.Release|x64.ActiveCfg = Release|Any CPU
		{F8D010D3-2133-4621-A525-84D97E21786C}.Release|x64.Build.0 = Release|Any CPU
		{F8D010D3-2133-4621-A525-84D97E21786C}.Release|x86.ActiveCfg = Release|Any CPU
		{F8D010D3-2133-4621-A525-84D97E21786C}.Release|x86.Build.0 = Release|Any CPU
		{EF154D47-57A7-492D-BB79-5D803AE2310D}.Debug|Any CPU.ActiveCfg = Debug|Any CPU
		{EF154D47-57A7-492D-BB79-5D803AE2310D}.Debug|Any CPU.Build.0 = Debug|Any CPU
		{EF154D47-57A7-492D-BB79-5D803AE2310D}.Debug|x64.ActiveCfg = Debug|Any CPU
		{EF154D47-57A7-492D-BB79-5D803AE2310D}.Debug|x64.Build.0 = Debug|Any CPU
		{EF154D47-57A7-492D-BB79-5D803AE2310D}.Debug|x86.ActiveCfg = Debug|Any CPU
		{EF154D47-57A7-492D-BB79-5D803AE2310D}.Debug|x86.Build.0 = Debug|Any CPU
		{EF154D47-57A7-492D-BB79-5D803AE2310D}.Release|Any CPU.ActiveCfg = Release|Any CPU
		{EF154D47-57A7-492D-BB79-5D803AE2310D}.Release|Any CPU.Build.0 = Release|Any CPU
		{EF154D47-57A7-492D-BB79-5D803AE2310D}.Release|x64.ActiveCfg = Release|Any CPU
		{EF154D47-57A7-492D-BB79-5D803AE2310D}.Release|x64.Build.0 = Release|Any CPU
		{EF154D47-57A7-492D-BB79-5D803AE2310D}.Release|x86.ActiveCfg = Release|Any CPU
		{EF154D47-57A7-492D-BB79-5D803AE2310D}.Release|x86.Build.0 = Release|Any CPU
		{908ED09E-9172-4BAF-B81D-62E8AEE79F62}.Debug|Any CPU.ActiveCfg = Debug|Any CPU
		{908ED09E-9172-4BAF-B81D-62E8AEE79F62}.Debug|Any CPU.Build.0 = Debug|Any CPU
		{908ED09E-9172-4BAF-B81D-62E8AEE79F62}.Debug|x64.ActiveCfg = Debug|Any CPU
		{908ED09E-9172-4BAF-B81D-62E8AEE79F62}.Debug|x64.Build.0 = Debug|Any CPU
		{908ED09E-9172-4BAF-B81D-62E8AEE79F62}.Debug|x86.ActiveCfg = Debug|Any CPU
		{908ED09E-9172-4BAF-B81D-62E8AEE79F62}.Debug|x86.Build.0 = Debug|Any CPU
		{908ED09E-9172-4BAF-B81D-62E8AEE79F62}.Release|Any CPU.ActiveCfg = Release|Any CPU
		{908ED09E-9172-4BAF-B81D-62E8AEE79F62}.Release|Any CPU.Build.0 = Release|Any CPU
		{908ED09E-9172-4BAF-B81D-62E8AEE79F62}.Release|x64.ActiveCfg = Release|Any CPU
		{908ED09E-9172-4BAF-B81D-62E8AEE79F62}.Release|x64.Build.0 = Release|Any CPU
		{908ED09E-9172-4BAF-B81D-62E8AEE79F62}.Release|x86.ActiveCfg = Release|Any CPU
		{908ED09E-9172-4BAF-B81D-62E8AEE79F62}.Release|x86.Build.0 = Release|Any CPU
		{0C65532A-4C1E-40A3-98F6-5A86192F77F6}.Debug|Any CPU.ActiveCfg = Debug|Any CPU
		{0C65532A-4C1E-40A3-98F6-5A86192F77F6}.Debug|Any CPU.Build.0 = Debug|Any CPU
		{0C65532A-4C1E-40A3-98F6-5A86192F77F6}.Debug|x64.ActiveCfg = Debug|Any CPU
		{0C65532A-4C1E-40A3-98F6-5A86192F77F6}.Debug|x64.Build.0 = Debug|Any CPU
		{0C65532A-4C1E-40A3-98F6-5A86192F77F6}.Debug|x86.ActiveCfg = Debug|Any CPU
		{0C65532A-4C1E-40A3-98F6-5A86192F77F6}.Debug|x86.Build.0 = Debug|Any CPU
		{0C65532A-4C1E-40A3-98F6-5A86192F77F6}.Release|Any CPU.ActiveCfg = Release|Any CPU
		{0C65532A-4C1E-40A3-98F6-5A86192F77F6}.Release|Any CPU.Build.0 = Release|Any CPU
		{0C65532A-4C1E-40A3-98F6-5A86192F77F6}.Release|x64.ActiveCfg = Release|Any CPU
		{0C65532A-4C1E-40A3-98F6-5A86192F77F6}.Release|x64.Build.0 = Release|Any CPU
		{0C65532A-4C1E-40A3-98F6-5A86192F77F6}.Release|x86.ActiveCfg = Release|Any CPU
		{0C65532A-4C1E-40A3-98F6-5A86192F77F6}.Release|x86.Build.0 = Release|Any CPU
		{D1B856F9-7F8A-4816-8175-759A3E380813}.Debug|Any CPU.ActiveCfg = Debug|Any CPU
		{D1B856F9-7F8A-4816-8175-759A3E380813}.Debug|Any CPU.Build.0 = Debug|Any CPU
		{D1B856F9-7F8A-4816-8175-759A3E380813}.Debug|x64.ActiveCfg = Debug|Any CPU
		{D1B856F9-7F8A-4816-8175-759A3E380813}.Debug|x64.Build.0 = Debug|Any CPU
		{D1B856F9-7F8A-4816-8175-759A3E380813}.Debug|x86.ActiveCfg = Debug|Any CPU
		{D1B856F9-7F8A-4816-8175-759A3E380813}.Debug|x86.Build.0 = Debug|Any CPU
		{D1B856F9-7F8A-4816-8175-759A3E380813}.Release|Any CPU.ActiveCfg = Release|Any CPU
		{D1B856F9-7F8A-4816-8175-759A3E380813}.Release|Any CPU.Build.0 = Release|Any CPU
		{D1B856F9-7F8A-4816-8175-759A3E380813}.Release|x64.ActiveCfg = Release|Any CPU
		{D1B856F9-7F8A-4816-8175-759A3E380813}.Release|x64.Build.0 = Release|Any CPU
		{D1B856F9-7F8A-4816-8175-759A3E380813}.Release|x86.ActiveCfg = Release|Any CPU
		{D1B856F9-7F8A-4816-8175-759A3E380813}.Release|x86.Build.0 = Release|Any CPU
		{A432B9EB-C4BB-46D4-A1D3-BE3960E36383}.Debug|Any CPU.ActiveCfg = Debug|Any CPU
		{A432B9EB-C4BB-46D4-A1D3-BE3960E36383}.Debug|Any CPU.Build.0 = Debug|Any CPU
		{A432B9EB-C4BB-46D4-A1D3-BE3960E36383}.Debug|x64.ActiveCfg = Debug|Any CPU
		{A432B9EB-C4BB-46D4-A1D3-BE3960E36383}.Debug|x64.Build.0 = Debug|Any CPU
		{A432B9EB-C4BB-46D4-A1D3-BE3960E36383}.Debug|x86.ActiveCfg = Debug|Any CPU
		{A432B9EB-C4BB-46D4-A1D3-BE3960E36383}.Debug|x86.Build.0 = Debug|Any CPU
		{A432B9EB-C4BB-46D4-A1D3-BE3960E36383}.Release|Any CPU.ActiveCfg = Release|Any CPU
		{A432B9EB-C4BB-46D4-A1D3-BE3960E36383}.Release|Any CPU.Build.0 = Release|Any CPU
		{A432B9EB-C4BB-46D4-A1D3-BE3960E36383}.Release|x64.ActiveCfg = Release|Any CPU
		{A432B9EB-C4BB-46D4-A1D3-BE3960E36383}.Release|x64.Build.0 = Release|Any CPU
		{A432B9EB-C4BB-46D4-A1D3-BE3960E36383}.Release|x86.ActiveCfg = Release|Any CPU
		{A432B9EB-C4BB-46D4-A1D3-BE3960E36383}.Release|x86.Build.0 = Release|Any CPU
		{FA61A92D-C925-4586-A604-2C98EADAB65B}.Debug|Any CPU.ActiveCfg = Debug|Any CPU
		{FA61A92D-C925-4586-A604-2C98EADAB65B}.Debug|Any CPU.Build.0 = Debug|Any CPU
		{FA61A92D-C925-4586-A604-2C98EADAB65B}.Debug|x64.ActiveCfg = Debug|Any CPU
		{FA61A92D-C925-4586-A604-2C98EADAB65B}.Debug|x64.Build.0 = Debug|Any CPU
		{FA61A92D-C925-4586-A604-2C98EADAB65B}.Debug|x86.ActiveCfg = Debug|Any CPU
		{FA61A92D-C925-4586-A604-2C98EADAB65B}.Debug|x86.Build.0 = Debug|Any CPU
		{FA61A92D-C925-4586-A604-2C98EADAB65B}.Release|Any CPU.ActiveCfg = Release|Any CPU
		{FA61A92D-C925-4586-A604-2C98EADAB65B}.Release|Any CPU.Build.0 = Release|Any CPU
		{FA61A92D-C925-4586-A604-2C98EADAB65B}.Release|x64.ActiveCfg = Release|Any CPU
		{FA61A92D-C925-4586-A604-2C98EADAB65B}.Release|x64.Build.0 = Release|Any CPU
		{FA61A92D-C925-4586-A604-2C98EADAB65B}.Release|x86.ActiveCfg = Release|Any CPU
		{FA61A92D-C925-4586-A604-2C98EADAB65B}.Release|x86.Build.0 = Release|Any CPU
		{B70AAB60-3D1A-402C-BABC-C87536E8E4B9}.Debug|Any CPU.ActiveCfg = Debug|Any CPU
		{B70AAB60-3D1A-402C-BABC-C87536E8E4B9}.Debug|Any CPU.Build.0 = Debug|Any CPU
		{B70AAB60-3D1A-402C-BABC-C87536E8E4B9}.Debug|x64.ActiveCfg = Debug|Any CPU
		{B70AAB60-3D1A-402C-BABC-C87536E8E4B9}.Debug|x64.Build.0 = Debug|Any CPU
		{B70AAB60-3D1A-402C-BABC-C87536E8E4B9}.Debug|x86.ActiveCfg = Debug|Any CPU
		{B70AAB60-3D1A-402C-BABC-C87536E8E4B9}.Debug|x86.Build.0 = Debug|Any CPU
		{B70AAB60-3D1A-402C-BABC-C87536E8E4B9}.Release|Any CPU.ActiveCfg = Release|Any CPU
		{B70AAB60-3D1A-402C-BABC-C87536E8E4B9}.Release|Any CPU.Build.0 = Release|Any CPU
		{B70AAB60-3D1A-402C-BABC-C87536E8E4B9}.Release|x64.ActiveCfg = Release|Any CPU
		{B70AAB60-3D1A-402C-BABC-C87536E8E4B9}.Release|x64.Build.0 = Release|Any CPU
		{B70AAB60-3D1A-402C-BABC-C87536E8E4B9}.Release|x86.ActiveCfg = Release|Any CPU
		{B70AAB60-3D1A-402C-BABC-C87536E8E4B9}.Release|x86.Build.0 = Release|Any CPU
		{DE393E70-91D7-44AC-A712-820486A3B289}.Debug|Any CPU.ActiveCfg = Debug|Any CPU
		{DE393E70-91D7-44AC-A712-820486A3B289}.Debug|Any CPU.Build.0 = Debug|Any CPU
		{DE393E70-91D7-44AC-A712-820486A3B289}.Debug|x64.ActiveCfg = Debug|Any CPU
		{DE393E70-91D7-44AC-A712-820486A3B289}.Debug|x64.Build.0 = Debug|Any CPU
		{DE393E70-91D7-44AC-A712-820486A3B289}.Debug|x86.ActiveCfg = Debug|Any CPU
		{DE393E70-91D7-44AC-A712-820486A3B289}.Debug|x86.Build.0 = Debug|Any CPU
		{DE393E70-91D7-44AC-A712-820486A3B289}.Release|Any CPU.ActiveCfg = Release|Any CPU
		{DE393E70-91D7-44AC-A712-820486A3B289}.Release|Any CPU.Build.0 = Release|Any CPU
		{DE393E70-91D7-44AC-A712-820486A3B289}.Release|x64.ActiveCfg = Release|Any CPU
		{DE393E70-91D7-44AC-A712-820486A3B289}.Release|x64.Build.0 = Release|Any CPU
		{DE393E70-91D7-44AC-A712-820486A3B289}.Release|x86.ActiveCfg = Release|Any CPU
		{DE393E70-91D7-44AC-A712-820486A3B289}.Release|x86.Build.0 = Release|Any CPU
		{9F635D52-35BC-4793-AA31-FCFA01BF117A}.Debug|Any CPU.ActiveCfg = Debug|Any CPU
		{9F635D52-35BC-4793-AA31-FCFA01BF117A}.Debug|Any CPU.Build.0 = Debug|Any CPU
		{9F635D52-35BC-4793-AA31-FCFA01BF117A}.Debug|x64.ActiveCfg = Debug|Any CPU
		{9F635D52-35BC-4793-AA31-FCFA01BF117A}.Debug|x64.Build.0 = Debug|Any CPU
		{9F635D52-35BC-4793-AA31-FCFA01BF117A}.Debug|x86.ActiveCfg = Debug|Any CPU
		{9F635D52-35BC-4793-AA31-FCFA01BF117A}.Debug|x86.Build.0 = Debug|Any CPU
		{9F635D52-35BC-4793-AA31-FCFA01BF117A}.Release|Any CPU.ActiveCfg = Release|Any CPU
		{9F635D52-35BC-4793-AA31-FCFA01BF117A}.Release|Any CPU.Build.0 = Release|Any CPU
		{9F635D52-35BC-4793-AA31-FCFA01BF117A}.Release|x64.ActiveCfg = Release|Any CPU
		{9F635D52-35BC-4793-AA31-FCFA01BF117A}.Release|x64.Build.0 = Release|Any CPU
		{9F635D52-35BC-4793-AA31-FCFA01BF117A}.Release|x86.ActiveCfg = Release|Any CPU
		{9F635D52-35BC-4793-AA31-FCFA01BF117A}.Release|x86.Build.0 = Release|Any CPU
		{8B7D989D-5106-4197-AF06-CBF27968CBAE}.Debug|Any CPU.ActiveCfg = Debug|Any CPU
		{8B7D989D-5106-4197-AF06-CBF27968CBAE}.Debug|Any CPU.Build.0 = Debug|Any CPU
		{8B7D989D-5106-4197-AF06-CBF27968CBAE}.Debug|x64.ActiveCfg = Debug|Any CPU
		{8B7D989D-5106-4197-AF06-CBF27968CBAE}.Debug|x64.Build.0 = Debug|Any CPU
		{8B7D989D-5106-4197-AF06-CBF27968CBAE}.Debug|x86.ActiveCfg = Debug|Any CPU
		{8B7D989D-5106-4197-AF06-CBF27968CBAE}.Debug|x86.Build.0 = Debug|Any CPU
		{8B7D989D-5106-4197-AF06-CBF27968CBAE}.Release|Any CPU.ActiveCfg = Release|Any CPU
		{8B7D989D-5106-4197-AF06-CBF27968CBAE}.Release|Any CPU.Build.0 = Release|Any CPU
		{8B7D989D-5106-4197-AF06-CBF27968CBAE}.Release|x64.ActiveCfg = Release|Any CPU
		{8B7D989D-5106-4197-AF06-CBF27968CBAE}.Release|x64.Build.0 = Release|Any CPU
		{8B7D989D-5106-4197-AF06-CBF27968CBAE}.Release|x86.ActiveCfg = Release|Any CPU
		{8B7D989D-5106-4197-AF06-CBF27968CBAE}.Release|x86.Build.0 = Release|Any CPU
		{1F2C123C-2D79-4AAD-8D8D-76A31195F339}.Debug|Any CPU.ActiveCfg = Debug|Any CPU
		{1F2C123C-2D79-4AAD-8D8D-76A31195F339}.Debug|Any CPU.Build.0 = Debug|Any CPU
		{1F2C123C-2D79-4AAD-8D8D-76A31195F339}.Debug|x64.ActiveCfg = Debug|Any CPU
		{1F2C123C-2D79-4AAD-8D8D-76A31195F339}.Debug|x64.Build.0 = Debug|Any CPU
		{1F2C123C-2D79-4AAD-8D8D-76A31195F339}.Debug|x86.ActiveCfg = Debug|Any CPU
		{1F2C123C-2D79-4AAD-8D8D-76A31195F339}.Debug|x86.Build.0 = Debug|Any CPU
		{1F2C123C-2D79-4AAD-8D8D-76A31195F339}.Release|Any CPU.ActiveCfg = Release|Any CPU
		{1F2C123C-2D79-4AAD-8D8D-76A31195F339}.Release|Any CPU.Build.0 = Release|Any CPU
		{1F2C123C-2D79-4AAD-8D8D-76A31195F339}.Release|x64.ActiveCfg = Release|Any CPU
		{1F2C123C-2D79-4AAD-8D8D-76A31195F339}.Release|x64.Build.0 = Release|Any CPU
		{1F2C123C-2D79-4AAD-8D8D-76A31195F339}.Release|x86.ActiveCfg = Release|Any CPU
		{1F2C123C-2D79-4AAD-8D8D-76A31195F339}.Release|x86.Build.0 = Release|Any CPU
		{C28B3C29-D9D6-4F1B-B9E2-8CAB58EE27F0}.Debug|Any CPU.ActiveCfg = Debug|Any CPU
		{C28B3C29-D9D6-4F1B-B9E2-8CAB58EE27F0}.Debug|Any CPU.Build.0 = Debug|Any CPU
		{C28B3C29-D9D6-4F1B-B9E2-8CAB58EE27F0}.Debug|x64.ActiveCfg = Debug|Any CPU
		{C28B3C29-D9D6-4F1B-B9E2-8CAB58EE27F0}.Debug|x64.Build.0 = Debug|Any CPU
		{C28B3C29-D9D6-4F1B-B9E2-8CAB58EE27F0}.Debug|x86.ActiveCfg = Debug|Any CPU
		{C28B3C29-D9D6-4F1B-B9E2-8CAB58EE27F0}.Debug|x86.Build.0 = Debug|Any CPU
		{C28B3C29-D9D6-4F1B-B9E2-8CAB58EE27F0}.Release|Any CPU.ActiveCfg = Release|Any CPU
		{C28B3C29-D9D6-4F1B-B9E2-8CAB58EE27F0}.Release|Any CPU.Build.0 = Release|Any CPU
		{C28B3C29-D9D6-4F1B-B9E2-8CAB58EE27F0}.Release|x64.ActiveCfg = Release|Any CPU
		{C28B3C29-D9D6-4F1B-B9E2-8CAB58EE27F0}.Release|x64.Build.0 = Release|Any CPU
		{C28B3C29-D9D6-4F1B-B9E2-8CAB58EE27F0}.Release|x86.ActiveCfg = Release|Any CPU
		{C28B3C29-D9D6-4F1B-B9E2-8CAB58EE27F0}.Release|x86.Build.0 = Release|Any CPU
		{F57B1DBD-ACFF-4D51-B0EC-F8D4D672A394}.Debug|Any CPU.ActiveCfg = Debug|Any CPU
		{F57B1DBD-ACFF-4D51-B0EC-F8D4D672A394}.Debug|Any CPU.Build.0 = Debug|Any CPU
		{F57B1DBD-ACFF-4D51-B0EC-F8D4D672A394}.Debug|x64.ActiveCfg = Debug|Any CPU
		{F57B1DBD-ACFF-4D51-B0EC-F8D4D672A394}.Debug|x64.Build.0 = Debug|Any CPU
		{F57B1DBD-ACFF-4D51-B0EC-F8D4D672A394}.Debug|x86.ActiveCfg = Debug|Any CPU
		{F57B1DBD-ACFF-4D51-B0EC-F8D4D672A394}.Debug|x86.Build.0 = Debug|Any CPU
		{F57B1DBD-ACFF-4D51-B0EC-F8D4D672A394}.Release|Any CPU.ActiveCfg = Release|Any CPU
		{F57B1DBD-ACFF-4D51-B0EC-F8D4D672A394}.Release|Any CPU.Build.0 = Release|Any CPU
		{F57B1DBD-ACFF-4D51-B0EC-F8D4D672A394}.Release|x64.ActiveCfg = Release|Any CPU
		{F57B1DBD-ACFF-4D51-B0EC-F8D4D672A394}.Release|x64.Build.0 = Release|Any CPU
		{F57B1DBD-ACFF-4D51-B0EC-F8D4D672A394}.Release|x86.ActiveCfg = Release|Any CPU
		{F57B1DBD-ACFF-4D51-B0EC-F8D4D672A394}.Release|x86.Build.0 = Release|Any CPU
		{749EC336-C280-4DC2-A9B5-E97B4A2F2F0A}.Debug|Any CPU.ActiveCfg = Debug|Any CPU
		{749EC336-C280-4DC2-A9B5-E97B4A2F2F0A}.Debug|Any CPU.Build.0 = Debug|Any CPU
		{749EC336-C280-4DC2-A9B5-E97B4A2F2F0A}.Debug|x64.ActiveCfg = Debug|Any CPU
		{749EC336-C280-4DC2-A9B5-E97B4A2F2F0A}.Debug|x64.Build.0 = Debug|Any CPU
		{749EC336-C280-4DC2-A9B5-E97B4A2F2F0A}.Debug|x86.ActiveCfg = Debug|Any CPU
		{749EC336-C280-4DC2-A9B5-E97B4A2F2F0A}.Debug|x86.Build.0 = Debug|Any CPU
		{749EC336-C280-4DC2-A9B5-E97B4A2F2F0A}.Release|Any CPU.ActiveCfg = Release|Any CPU
		{749EC336-C280-4DC2-A9B5-E97B4A2F2F0A}.Release|Any CPU.Build.0 = Release|Any CPU
		{749EC336-C280-4DC2-A9B5-E97B4A2F2F0A}.Release|x64.ActiveCfg = Release|Any CPU
		{749EC336-C280-4DC2-A9B5-E97B4A2F2F0A}.Release|x64.Build.0 = Release|Any CPU
		{749EC336-C280-4DC2-A9B5-E97B4A2F2F0A}.Release|x86.ActiveCfg = Release|Any CPU
		{749EC336-C280-4DC2-A9B5-E97B4A2F2F0A}.Release|x86.Build.0 = Release|Any CPU
		{B7DDE81B-7C9D-482F-BBDC-70123C7864B6}.Debug|Any CPU.ActiveCfg = Debug|Any CPU
		{B7DDE81B-7C9D-482F-BBDC-70123C7864B6}.Debug|Any CPU.Build.0 = Debug|Any CPU
		{B7DDE81B-7C9D-482F-BBDC-70123C7864B6}.Debug|x64.ActiveCfg = Debug|Any CPU
		{B7DDE81B-7C9D-482F-BBDC-70123C7864B6}.Debug|x64.Build.0 = Debug|Any CPU
		{B7DDE81B-7C9D-482F-BBDC-70123C7864B6}.Debug|x86.ActiveCfg = Debug|Any CPU
		{B7DDE81B-7C9D-482F-BBDC-70123C7864B6}.Debug|x86.Build.0 = Debug|Any CPU
		{B7DDE81B-7C9D-482F-BBDC-70123C7864B6}.Release|Any CPU.ActiveCfg = Release|Any CPU
		{B7DDE81B-7C9D-482F-BBDC-70123C7864B6}.Release|Any CPU.Build.0 = Release|Any CPU
		{B7DDE81B-7C9D-482F-BBDC-70123C7864B6}.Release|x64.ActiveCfg = Release|Any CPU
		{B7DDE81B-7C9D-482F-BBDC-70123C7864B6}.Release|x64.Build.0 = Release|Any CPU
		{B7DDE81B-7C9D-482F-BBDC-70123C7864B6}.Release|x86.ActiveCfg = Release|Any CPU
		{B7DDE81B-7C9D-482F-BBDC-70123C7864B6}.Release|x86.Build.0 = Release|Any CPU
		{883F029F-DA87-40F3-8564-23E1E52D91D7}.Debug|Any CPU.ActiveCfg = Debug|Any CPU
		{883F029F-DA87-40F3-8564-23E1E52D91D7}.Debug|Any CPU.Build.0 = Debug|Any CPU
		{883F029F-DA87-40F3-8564-23E1E52D91D7}.Debug|x64.ActiveCfg = Debug|Any CPU
		{883F029F-DA87-40F3-8564-23E1E52D91D7}.Debug|x64.Build.0 = Debug|Any CPU
		{883F029F-DA87-40F3-8564-23E1E52D91D7}.Debug|x86.ActiveCfg = Debug|Any CPU
		{883F029F-DA87-40F3-8564-23E1E52D91D7}.Debug|x86.Build.0 = Debug|Any CPU
		{883F029F-DA87-40F3-8564-23E1E52D91D7}.Release|Any CPU.ActiveCfg = Release|Any CPU
		{883F029F-DA87-40F3-8564-23E1E52D91D7}.Release|Any CPU.Build.0 = Release|Any CPU
		{883F029F-DA87-40F3-8564-23E1E52D91D7}.Release|x64.ActiveCfg = Release|Any CPU
		{883F029F-DA87-40F3-8564-23E1E52D91D7}.Release|x64.Build.0 = Release|Any CPU
		{883F029F-DA87-40F3-8564-23E1E52D91D7}.Release|x86.ActiveCfg = Release|Any CPU
		{883F029F-DA87-40F3-8564-23E1E52D91D7}.Release|x86.Build.0 = Release|Any CPU
		{FB3EBB17-CF81-4E69-844D-C2F5A73E0EC3}.Debug|Any CPU.ActiveCfg = Debug|Any CPU
		{FB3EBB17-CF81-4E69-844D-C2F5A73E0EC3}.Debug|Any CPU.Build.0 = Debug|Any CPU
		{FB3EBB17-CF81-4E69-844D-C2F5A73E0EC3}.Debug|x64.ActiveCfg = Debug|Any CPU
		{FB3EBB17-CF81-4E69-844D-C2F5A73E0EC3}.Debug|x64.Build.0 = Debug|Any CPU
		{FB3EBB17-CF81-4E69-844D-C2F5A73E0EC3}.Debug|x86.ActiveCfg = Debug|Any CPU
		{FB3EBB17-CF81-4E69-844D-C2F5A73E0EC3}.Debug|x86.Build.0 = Debug|Any CPU
		{FB3EBB17-CF81-4E69-844D-C2F5A73E0EC3}.Release|Any CPU.ActiveCfg = Release|Any CPU
		{FB3EBB17-CF81-4E69-844D-C2F5A73E0EC3}.Release|Any CPU.Build.0 = Release|Any CPU
		{FB3EBB17-CF81-4E69-844D-C2F5A73E0EC3}.Release|x64.ActiveCfg = Release|Any CPU
		{FB3EBB17-CF81-4E69-844D-C2F5A73E0EC3}.Release|x64.Build.0 = Release|Any CPU
		{FB3EBB17-CF81-4E69-844D-C2F5A73E0EC3}.Release|x86.ActiveCfg = Release|Any CPU
		{FB3EBB17-CF81-4E69-844D-C2F5A73E0EC3}.Release|x86.Build.0 = Release|Any CPU
		{CFE5DC66-3087-4075-B49D-8CDEC6FB9A22}.Debug|Any CPU.ActiveCfg = Debug|Any CPU
		{CFE5DC66-3087-4075-B49D-8CDEC6FB9A22}.Debug|Any CPU.Build.0 = Debug|Any CPU
		{CFE5DC66-3087-4075-B49D-8CDEC6FB9A22}.Debug|x64.ActiveCfg = Debug|Any CPU
		{CFE5DC66-3087-4075-B49D-8CDEC6FB9A22}.Debug|x64.Build.0 = Debug|Any CPU
		{CFE5DC66-3087-4075-B49D-8CDEC6FB9A22}.Debug|x86.ActiveCfg = Debug|Any CPU
		{CFE5DC66-3087-4075-B49D-8CDEC6FB9A22}.Debug|x86.Build.0 = Debug|Any CPU
		{CFE5DC66-3087-4075-B49D-8CDEC6FB9A22}.Release|Any CPU.ActiveCfg = Release|Any CPU
		{CFE5DC66-3087-4075-B49D-8CDEC6FB9A22}.Release|Any CPU.Build.0 = Release|Any CPU
		{CFE5DC66-3087-4075-B49D-8CDEC6FB9A22}.Release|x64.ActiveCfg = Release|Any CPU
		{CFE5DC66-3087-4075-B49D-8CDEC6FB9A22}.Release|x64.Build.0 = Release|Any CPU
		{CFE5DC66-3087-4075-B49D-8CDEC6FB9A22}.Release|x86.ActiveCfg = Release|Any CPU
		{CFE5DC66-3087-4075-B49D-8CDEC6FB9A22}.Release|x86.Build.0 = Release|Any CPU
		{F33625FF-29A1-4075-ACED-DD1014D51745}.Debug|Any CPU.ActiveCfg = Debug|Any CPU
		{F33625FF-29A1-4075-ACED-DD1014D51745}.Debug|Any CPU.Build.0 = Debug|Any CPU
		{F33625FF-29A1-4075-ACED-DD1014D51745}.Debug|x64.ActiveCfg = Debug|Any CPU
		{F33625FF-29A1-4075-ACED-DD1014D51745}.Debug|x64.Build.0 = Debug|Any CPU
		{F33625FF-29A1-4075-ACED-DD1014D51745}.Debug|x86.ActiveCfg = Debug|Any CPU
		{F33625FF-29A1-4075-ACED-DD1014D51745}.Debug|x86.Build.0 = Debug|Any CPU
		{F33625FF-29A1-4075-ACED-DD1014D51745}.Release|Any CPU.ActiveCfg = Release|Any CPU
		{F33625FF-29A1-4075-ACED-DD1014D51745}.Release|Any CPU.Build.0 = Release|Any CPU
		{F33625FF-29A1-4075-ACED-DD1014D51745}.Release|x64.ActiveCfg = Release|Any CPU
		{F33625FF-29A1-4075-ACED-DD1014D51745}.Release|x64.Build.0 = Release|Any CPU
		{F33625FF-29A1-4075-ACED-DD1014D51745}.Release|x86.ActiveCfg = Release|Any CPU
		{F33625FF-29A1-4075-ACED-DD1014D51745}.Release|x86.Build.0 = Release|Any CPU
		{B2AEEADE-60D0-4A45-B59C-2E86587B4D9A}.Debug|Any CPU.ActiveCfg = Debug|Any CPU
		{B2AEEADE-60D0-4A45-B59C-2E86587B4D9A}.Debug|Any CPU.Build.0 = Debug|Any CPU
		{B2AEEADE-60D0-4A45-B59C-2E86587B4D9A}.Debug|x64.ActiveCfg = Debug|Any CPU
		{B2AEEADE-60D0-4A45-B59C-2E86587B4D9A}.Debug|x64.Build.0 = Debug|Any CPU
		{B2AEEADE-60D0-4A45-B59C-2E86587B4D9A}.Debug|x86.ActiveCfg = Debug|Any CPU
		{B2AEEADE-60D0-4A45-B59C-2E86587B4D9A}.Debug|x86.Build.0 = Debug|Any CPU
		{B2AEEADE-60D0-4A45-B59C-2E86587B4D9A}.Release|Any CPU.ActiveCfg = Release|Any CPU
		{B2AEEADE-60D0-4A45-B59C-2E86587B4D9A}.Release|Any CPU.Build.0 = Release|Any CPU
		{B2AEEADE-60D0-4A45-B59C-2E86587B4D9A}.Release|x64.ActiveCfg = Release|Any CPU
		{B2AEEADE-60D0-4A45-B59C-2E86587B4D9A}.Release|x64.Build.0 = Release|Any CPU
		{B2AEEADE-60D0-4A45-B59C-2E86587B4D9A}.Release|x86.ActiveCfg = Release|Any CPU
		{B2AEEADE-60D0-4A45-B59C-2E86587B4D9A}.Release|x86.Build.0 = Release|Any CPU
		{3E1437CA-7CE0-4F0A-AC87-56C159F45484}.Debug|Any CPU.ActiveCfg = Debug|Any CPU
		{3E1437CA-7CE0-4F0A-AC87-56C159F45484}.Debug|Any CPU.Build.0 = Debug|Any CPU
		{3E1437CA-7CE0-4F0A-AC87-56C159F45484}.Debug|x64.ActiveCfg = Debug|Any CPU
		{3E1437CA-7CE0-4F0A-AC87-56C159F45484}.Debug|x64.Build.0 = Debug|Any CPU
		{3E1437CA-7CE0-4F0A-AC87-56C159F45484}.Debug|x86.ActiveCfg = Debug|Any CPU
		{3E1437CA-7CE0-4F0A-AC87-56C159F45484}.Debug|x86.Build.0 = Debug|Any CPU
		{3E1437CA-7CE0-4F0A-AC87-56C159F45484}.Release|Any CPU.ActiveCfg = Release|Any CPU
		{3E1437CA-7CE0-4F0A-AC87-56C159F45484}.Release|Any CPU.Build.0 = Release|Any CPU
		{3E1437CA-7CE0-4F0A-AC87-56C159F45484}.Release|x64.ActiveCfg = Release|Any CPU
		{3E1437CA-7CE0-4F0A-AC87-56C159F45484}.Release|x64.Build.0 = Release|Any CPU
		{3E1437CA-7CE0-4F0A-AC87-56C159F45484}.Release|x86.ActiveCfg = Release|Any CPU
		{3E1437CA-7CE0-4F0A-AC87-56C159F45484}.Release|x86.Build.0 = Release|Any CPU
		{A197648C-2CAF-4A2B-90E7-BE7CA7433DDF}.Debug|Any CPU.ActiveCfg = Debug|Any CPU
		{A197648C-2CAF-4A2B-90E7-BE7CA7433DDF}.Debug|Any CPU.Build.0 = Debug|Any CPU
		{A197648C-2CAF-4A2B-90E7-BE7CA7433DDF}.Debug|x64.ActiveCfg = Debug|Any CPU
		{A197648C-2CAF-4A2B-90E7-BE7CA7433DDF}.Debug|x64.Build.0 = Debug|Any CPU
		{A197648C-2CAF-4A2B-90E7-BE7CA7433DDF}.Debug|x86.ActiveCfg = Debug|Any CPU
		{A197648C-2CAF-4A2B-90E7-BE7CA7433DDF}.Debug|x86.Build.0 = Debug|Any CPU
		{A197648C-2CAF-4A2B-90E7-BE7CA7433DDF}.Release|Any CPU.ActiveCfg = Release|Any CPU
		{A197648C-2CAF-4A2B-90E7-BE7CA7433DDF}.Release|Any CPU.Build.0 = Release|Any CPU
		{A197648C-2CAF-4A2B-90E7-BE7CA7433DDF}.Release|x64.ActiveCfg = Release|Any CPU
		{A197648C-2CAF-4A2B-90E7-BE7CA7433DDF}.Release|x64.Build.0 = Release|Any CPU
		{A197648C-2CAF-4A2B-90E7-BE7CA7433DDF}.Release|x86.ActiveCfg = Release|Any CPU
		{A197648C-2CAF-4A2B-90E7-BE7CA7433DDF}.Release|x86.Build.0 = Release|Any CPU
		{7FBEB4CE-3415-455E-9021-4BDEDFCBFD22}.Debug|Any CPU.ActiveCfg = Debug|Any CPU
		{7FBEB4CE-3415-455E-9021-4BDEDFCBFD22}.Debug|Any CPU.Build.0 = Debug|Any CPU
		{7FBEB4CE-3415-455E-9021-4BDEDFCBFD22}.Debug|x64.ActiveCfg = Debug|Any CPU
		{7FBEB4CE-3415-455E-9021-4BDEDFCBFD22}.Debug|x64.Build.0 = Debug|Any CPU
		{7FBEB4CE-3415-455E-9021-4BDEDFCBFD22}.Debug|x86.ActiveCfg = Debug|Any CPU
		{7FBEB4CE-3415-455E-9021-4BDEDFCBFD22}.Debug|x86.Build.0 = Debug|Any CPU
		{7FBEB4CE-3415-455E-9021-4BDEDFCBFD22}.Release|Any CPU.ActiveCfg = Release|Any CPU
		{7FBEB4CE-3415-455E-9021-4BDEDFCBFD22}.Release|Any CPU.Build.0 = Release|Any CPU
		{7FBEB4CE-3415-455E-9021-4BDEDFCBFD22}.Release|x64.ActiveCfg = Release|Any CPU
		{7FBEB4CE-3415-455E-9021-4BDEDFCBFD22}.Release|x64.Build.0 = Release|Any CPU
		{7FBEB4CE-3415-455E-9021-4BDEDFCBFD22}.Release|x86.ActiveCfg = Release|Any CPU
		{7FBEB4CE-3415-455E-9021-4BDEDFCBFD22}.Release|x86.Build.0 = Release|Any CPU
		{89636CDF-4736-4ADB-B377-D82AD7723AE3}.Debug|Any CPU.ActiveCfg = Debug|Any CPU
		{89636CDF-4736-4ADB-B377-D82AD7723AE3}.Debug|Any CPU.Build.0 = Debug|Any CPU
		{89636CDF-4736-4ADB-B377-D82AD7723AE3}.Debug|x64.ActiveCfg = Debug|Any CPU
		{89636CDF-4736-4ADB-B377-D82AD7723AE3}.Debug|x64.Build.0 = Debug|Any CPU
		{89636CDF-4736-4ADB-B377-D82AD7723AE3}.Debug|x86.ActiveCfg = Debug|Any CPU
		{89636CDF-4736-4ADB-B377-D82AD7723AE3}.Debug|x86.Build.0 = Debug|Any CPU
		{89636CDF-4736-4ADB-B377-D82AD7723AE3}.Release|Any CPU.ActiveCfg = Release|Any CPU
		{89636CDF-4736-4ADB-B377-D82AD7723AE3}.Release|Any CPU.Build.0 = Release|Any CPU
		{89636CDF-4736-4ADB-B377-D82AD7723AE3}.Release|x64.ActiveCfg = Release|Any CPU
		{89636CDF-4736-4ADB-B377-D82AD7723AE3}.Release|x64.Build.0 = Release|Any CPU
		{89636CDF-4736-4ADB-B377-D82AD7723AE3}.Release|x86.ActiveCfg = Release|Any CPU
		{89636CDF-4736-4ADB-B377-D82AD7723AE3}.Release|x86.Build.0 = Release|Any CPU
		{E95937E2-0EA5-4C50-A39A-07D85B4E0A6F}.Debug|Any CPU.ActiveCfg = Debug|Any CPU
		{E95937E2-0EA5-4C50-A39A-07D85B4E0A6F}.Debug|Any CPU.Build.0 = Debug|Any CPU
		{E95937E2-0EA5-4C50-A39A-07D85B4E0A6F}.Debug|x64.ActiveCfg = Debug|Any CPU
		{E95937E2-0EA5-4C50-A39A-07D85B4E0A6F}.Debug|x64.Build.0 = Debug|Any CPU
		{E95937E2-0EA5-4C50-A39A-07D85B4E0A6F}.Debug|x86.ActiveCfg = Debug|Any CPU
		{E95937E2-0EA5-4C50-A39A-07D85B4E0A6F}.Debug|x86.Build.0 = Debug|Any CPU
		{E95937E2-0EA5-4C50-A39A-07D85B4E0A6F}.Release|Any CPU.ActiveCfg = Release|Any CPU
		{E95937E2-0EA5-4C50-A39A-07D85B4E0A6F}.Release|Any CPU.Build.0 = Release|Any CPU
		{E95937E2-0EA5-4C50-A39A-07D85B4E0A6F}.Release|x64.ActiveCfg = Release|Any CPU
		{E95937E2-0EA5-4C50-A39A-07D85B4E0A6F}.Release|x64.Build.0 = Release|Any CPU
		{E95937E2-0EA5-4C50-A39A-07D85B4E0A6F}.Release|x86.ActiveCfg = Release|Any CPU
		{E95937E2-0EA5-4C50-A39A-07D85B4E0A6F}.Release|x86.Build.0 = Release|Any CPU
		{FBAD9D75-E6D7-4D1F-8DBC-85D061DB827B}.Debug|Any CPU.ActiveCfg = Debug|Any CPU
		{FBAD9D75-E6D7-4D1F-8DBC-85D061DB827B}.Debug|Any CPU.Build.0 = Debug|Any CPU
		{FBAD9D75-E6D7-4D1F-8DBC-85D061DB827B}.Debug|x64.ActiveCfg = Debug|Any CPU
		{FBAD9D75-E6D7-4D1F-8DBC-85D061DB827B}.Debug|x64.Build.0 = Debug|Any CPU
		{FBAD9D75-E6D7-4D1F-8DBC-85D061DB827B}.Debug|x86.ActiveCfg = Debug|Any CPU
		{FBAD9D75-E6D7-4D1F-8DBC-85D061DB827B}.Debug|x86.Build.0 = Debug|Any CPU
		{FBAD9D75-E6D7-4D1F-8DBC-85D061DB827B}.Release|Any CPU.ActiveCfg = Release|Any CPU
		{FBAD9D75-E6D7-4D1F-8DBC-85D061DB827B}.Release|Any CPU.Build.0 = Release|Any CPU
		{FBAD9D75-E6D7-4D1F-8DBC-85D061DB827B}.Release|x64.ActiveCfg = Release|Any CPU
		{FBAD9D75-E6D7-4D1F-8DBC-85D061DB827B}.Release|x64.Build.0 = Release|Any CPU
		{FBAD9D75-E6D7-4D1F-8DBC-85D061DB827B}.Release|x86.ActiveCfg = Release|Any CPU
		{FBAD9D75-E6D7-4D1F-8DBC-85D061DB827B}.Release|x86.Build.0 = Release|Any CPU
		{7F0C5894-FAD9-4A77-A692-752A940B98BD}.Debug|Any CPU.ActiveCfg = Debug|Any CPU
		{7F0C5894-FAD9-4A77-A692-752A940B98BD}.Debug|Any CPU.Build.0 = Debug|Any CPU
		{7F0C5894-FAD9-4A77-A692-752A940B98BD}.Debug|x64.ActiveCfg = Debug|Any CPU
		{7F0C5894-FAD9-4A77-A692-752A940B98BD}.Debug|x64.Build.0 = Debug|Any CPU
		{7F0C5894-FAD9-4A77-A692-752A940B98BD}.Debug|x86.ActiveCfg = Debug|Any CPU
		{7F0C5894-FAD9-4A77-A692-752A940B98BD}.Debug|x86.Build.0 = Debug|Any CPU
		{7F0C5894-FAD9-4A77-A692-752A940B98BD}.Release|Any CPU.ActiveCfg = Release|Any CPU
		{7F0C5894-FAD9-4A77-A692-752A940B98BD}.Release|Any CPU.Build.0 = Release|Any CPU
		{7F0C5894-FAD9-4A77-A692-752A940B98BD}.Release|x64.ActiveCfg = Release|Any CPU
		{7F0C5894-FAD9-4A77-A692-752A940B98BD}.Release|x64.Build.0 = Release|Any CPU
		{7F0C5894-FAD9-4A77-A692-752A940B98BD}.Release|x86.ActiveCfg = Release|Any CPU
		{7F0C5894-FAD9-4A77-A692-752A940B98BD}.Release|x86.Build.0 = Release|Any CPU
		{E41A3BCE-C08D-4D24-8B14-174A2C356B75}.Debug|Any CPU.ActiveCfg = Debug|Any CPU
		{E41A3BCE-C08D-4D24-8B14-174A2C356B75}.Debug|Any CPU.Build.0 = Debug|Any CPU
		{E41A3BCE-C08D-4D24-8B14-174A2C356B75}.Debug|x64.ActiveCfg = Debug|Any CPU
		{E41A3BCE-C08D-4D24-8B14-174A2C356B75}.Debug|x64.Build.0 = Debug|Any CPU
		{E41A3BCE-C08D-4D24-8B14-174A2C356B75}.Debug|x86.ActiveCfg = Debug|Any CPU
		{E41A3BCE-C08D-4D24-8B14-174A2C356B75}.Debug|x86.Build.0 = Debug|Any CPU
		{E41A3BCE-C08D-4D24-8B14-174A2C356B75}.Release|Any CPU.ActiveCfg = Release|Any CPU
		{E41A3BCE-C08D-4D24-8B14-174A2C356B75}.Release|Any CPU.Build.0 = Release|Any CPU
		{E41A3BCE-C08D-4D24-8B14-174A2C356B75}.Release|x64.ActiveCfg = Release|Any CPU
		{E41A3BCE-C08D-4D24-8B14-174A2C356B75}.Release|x64.Build.0 = Release|Any CPU
		{E41A3BCE-C08D-4D24-8B14-174A2C356B75}.Release|x86.ActiveCfg = Release|Any CPU
		{E41A3BCE-C08D-4D24-8B14-174A2C356B75}.Release|x86.Build.0 = Release|Any CPU
		{C1602EFF-85C6-400B-BF77-E38ECB7C10C2}.Debug|Any CPU.ActiveCfg = Debug|Any CPU
		{C1602EFF-85C6-400B-BF77-E38ECB7C10C2}.Debug|Any CPU.Build.0 = Debug|Any CPU
		{C1602EFF-85C6-400B-BF77-E38ECB7C10C2}.Debug|x64.ActiveCfg = Debug|Any CPU
		{C1602EFF-85C6-400B-BF77-E38ECB7C10C2}.Debug|x64.Build.0 = Debug|Any CPU
		{C1602EFF-85C6-400B-BF77-E38ECB7C10C2}.Debug|x86.ActiveCfg = Debug|Any CPU
		{C1602EFF-85C6-400B-BF77-E38ECB7C10C2}.Debug|x86.Build.0 = Debug|Any CPU
		{C1602EFF-85C6-400B-BF77-E38ECB7C10C2}.Release|Any CPU.ActiveCfg = Release|Any CPU
		{C1602EFF-85C6-400B-BF77-E38ECB7C10C2}.Release|Any CPU.Build.0 = Release|Any CPU
		{C1602EFF-85C6-400B-BF77-E38ECB7C10C2}.Release|x64.ActiveCfg = Release|Any CPU
		{C1602EFF-85C6-400B-BF77-E38ECB7C10C2}.Release|x64.Build.0 = Release|Any CPU
		{C1602EFF-85C6-400B-BF77-E38ECB7C10C2}.Release|x86.ActiveCfg = Release|Any CPU
		{C1602EFF-85C6-400B-BF77-E38ECB7C10C2}.Release|x86.Build.0 = Release|Any CPU
		{9D5001A6-FBD2-4E52-9C67-305BC154F799}.Debug|Any CPU.ActiveCfg = Debug|Any CPU
		{9D5001A6-FBD2-4E52-9C67-305BC154F799}.Debug|Any CPU.Build.0 = Debug|Any CPU
		{9D5001A6-FBD2-4E52-9C67-305BC154F799}.Debug|x64.ActiveCfg = Debug|Any CPU
		{9D5001A6-FBD2-4E52-9C67-305BC154F799}.Debug|x64.Build.0 = Debug|Any CPU
		{9D5001A6-FBD2-4E52-9C67-305BC154F799}.Debug|x86.ActiveCfg = Debug|Any CPU
		{9D5001A6-FBD2-4E52-9C67-305BC154F799}.Debug|x86.Build.0 = Debug|Any CPU
		{9D5001A6-FBD2-4E52-9C67-305BC154F799}.Release|Any CPU.ActiveCfg = Release|Any CPU
		{9D5001A6-FBD2-4E52-9C67-305BC154F799}.Release|Any CPU.Build.0 = Release|Any CPU
		{9D5001A6-FBD2-4E52-9C67-305BC154F799}.Release|x64.ActiveCfg = Release|Any CPU
		{9D5001A6-FBD2-4E52-9C67-305BC154F799}.Release|x64.Build.0 = Release|Any CPU
		{9D5001A6-FBD2-4E52-9C67-305BC154F799}.Release|x86.ActiveCfg = Release|Any CPU
		{9D5001A6-FBD2-4E52-9C67-305BC154F799}.Release|x86.Build.0 = Release|Any CPU
		{D2BB546D-F297-4F1D-A018-07FC64AA1E96}.Debug|Any CPU.ActiveCfg = Debug|Any CPU
		{D2BB546D-F297-4F1D-A018-07FC64AA1E96}.Debug|Any CPU.Build.0 = Debug|Any CPU
		{D2BB546D-F297-4F1D-A018-07FC64AA1E96}.Debug|x64.ActiveCfg = Debug|Any CPU
		{D2BB546D-F297-4F1D-A018-07FC64AA1E96}.Debug|x64.Build.0 = Debug|Any CPU
		{D2BB546D-F297-4F1D-A018-07FC64AA1E96}.Debug|x86.ActiveCfg = Debug|Any CPU
		{D2BB546D-F297-4F1D-A018-07FC64AA1E96}.Debug|x86.Build.0 = Debug|Any CPU
		{D2BB546D-F297-4F1D-A018-07FC64AA1E96}.Release|Any CPU.ActiveCfg = Release|Any CPU
		{D2BB546D-F297-4F1D-A018-07FC64AA1E96}.Release|Any CPU.Build.0 = Release|Any CPU
		{D2BB546D-F297-4F1D-A018-07FC64AA1E96}.Release|x64.ActiveCfg = Release|Any CPU
		{D2BB546D-F297-4F1D-A018-07FC64AA1E96}.Release|x64.Build.0 = Release|Any CPU
		{D2BB546D-F297-4F1D-A018-07FC64AA1E96}.Release|x86.ActiveCfg = Release|Any CPU
		{D2BB546D-F297-4F1D-A018-07FC64AA1E96}.Release|x86.Build.0 = Release|Any CPU
		{DB57A4CE-3FA4-4C24-A5D1-13DECF4B9625}.Debug|Any CPU.ActiveCfg = Debug|Any CPU
		{DB57A4CE-3FA4-4C24-A5D1-13DECF4B9625}.Debug|Any CPU.Build.0 = Debug|Any CPU
		{DB57A4CE-3FA4-4C24-A5D1-13DECF4B9625}.Debug|x64.ActiveCfg = Debug|Any CPU
		{DB57A4CE-3FA4-4C24-A5D1-13DECF4B9625}.Debug|x64.Build.0 = Debug|Any CPU
		{DB57A4CE-3FA4-4C24-A5D1-13DECF4B9625}.Debug|x86.ActiveCfg = Debug|Any CPU
		{DB57A4CE-3FA4-4C24-A5D1-13DECF4B9625}.Debug|x86.Build.0 = Debug|Any CPU
		{DB57A4CE-3FA4-4C24-A5D1-13DECF4B9625}.Release|Any CPU.ActiveCfg = Release|Any CPU
		{DB57A4CE-3FA4-4C24-A5D1-13DECF4B9625}.Release|Any CPU.Build.0 = Release|Any CPU
		{DB57A4CE-3FA4-4C24-A5D1-13DECF4B9625}.Release|x64.ActiveCfg = Release|Any CPU
		{DB57A4CE-3FA4-4C24-A5D1-13DECF4B9625}.Release|x64.Build.0 = Release|Any CPU
		{DB57A4CE-3FA4-4C24-A5D1-13DECF4B9625}.Release|x86.ActiveCfg = Release|Any CPU
		{DB57A4CE-3FA4-4C24-A5D1-13DECF4B9625}.Release|x86.Build.0 = Release|Any CPU
		{2F6B4949-0DE2-4899-A11A-8005224CA6FA}.Debug|Any CPU.ActiveCfg = Debug|Any CPU
		{2F6B4949-0DE2-4899-A11A-8005224CA6FA}.Debug|Any CPU.Build.0 = Debug|Any CPU
		{2F6B4949-0DE2-4899-A11A-8005224CA6FA}.Debug|x64.ActiveCfg = Debug|Any CPU
		{2F6B4949-0DE2-4899-A11A-8005224CA6FA}.Debug|x64.Build.0 = Debug|Any CPU
		{2F6B4949-0DE2-4899-A11A-8005224CA6FA}.Debug|x86.ActiveCfg = Debug|Any CPU
		{2F6B4949-0DE2-4899-A11A-8005224CA6FA}.Debug|x86.Build.0 = Debug|Any CPU
		{2F6B4949-0DE2-4899-A11A-8005224CA6FA}.Release|Any CPU.ActiveCfg = Release|Any CPU
		{2F6B4949-0DE2-4899-A11A-8005224CA6FA}.Release|Any CPU.Build.0 = Release|Any CPU
		{2F6B4949-0DE2-4899-A11A-8005224CA6FA}.Release|x64.ActiveCfg = Release|Any CPU
		{2F6B4949-0DE2-4899-A11A-8005224CA6FA}.Release|x64.Build.0 = Release|Any CPU
		{2F6B4949-0DE2-4899-A11A-8005224CA6FA}.Release|x86.ActiveCfg = Release|Any CPU
		{2F6B4949-0DE2-4899-A11A-8005224CA6FA}.Release|x86.Build.0 = Release|Any CPU
		{24E2C364-ED51-40F6-99F6-DDD912A6701C}.Debug|Any CPU.ActiveCfg = Debug|Any CPU
		{24E2C364-ED51-40F6-99F6-DDD912A6701C}.Debug|Any CPU.Build.0 = Debug|Any CPU
		{24E2C364-ED51-40F6-99F6-DDD912A6701C}.Debug|x64.ActiveCfg = Debug|Any CPU
		{24E2C364-ED51-40F6-99F6-DDD912A6701C}.Debug|x64.Build.0 = Debug|Any CPU
		{24E2C364-ED51-40F6-99F6-DDD912A6701C}.Debug|x86.ActiveCfg = Debug|Any CPU
		{24E2C364-ED51-40F6-99F6-DDD912A6701C}.Debug|x86.Build.0 = Debug|Any CPU
		{24E2C364-ED51-40F6-99F6-DDD912A6701C}.Release|Any CPU.ActiveCfg = Release|Any CPU
		{24E2C364-ED51-40F6-99F6-DDD912A6701C}.Release|Any CPU.Build.0 = Release|Any CPU
		{24E2C364-ED51-40F6-99F6-DDD912A6701C}.Release|x64.ActiveCfg = Release|Any CPU
		{24E2C364-ED51-40F6-99F6-DDD912A6701C}.Release|x64.Build.0 = Release|Any CPU
		{24E2C364-ED51-40F6-99F6-DDD912A6701C}.Release|x86.ActiveCfg = Release|Any CPU
		{24E2C364-ED51-40F6-99F6-DDD912A6701C}.Release|x86.Build.0 = Release|Any CPU
		{A0A572AE-AF16-4EEE-884A-C4DBE11EEDC9}.Debug|Any CPU.ActiveCfg = Debug|Any CPU
		{A0A572AE-AF16-4EEE-884A-C4DBE11EEDC9}.Debug|Any CPU.Build.0 = Debug|Any CPU
		{A0A572AE-AF16-4EEE-884A-C4DBE11EEDC9}.Debug|x64.ActiveCfg = Debug|Any CPU
		{A0A572AE-AF16-4EEE-884A-C4DBE11EEDC9}.Debug|x64.Build.0 = Debug|Any CPU
		{A0A572AE-AF16-4EEE-884A-C4DBE11EEDC9}.Debug|x86.ActiveCfg = Debug|Any CPU
		{A0A572AE-AF16-4EEE-884A-C4DBE11EEDC9}.Debug|x86.Build.0 = Debug|Any CPU
		{A0A572AE-AF16-4EEE-884A-C4DBE11EEDC9}.Release|Any CPU.ActiveCfg = Release|Any CPU
		{A0A572AE-AF16-4EEE-884A-C4DBE11EEDC9}.Release|Any CPU.Build.0 = Release|Any CPU
		{A0A572AE-AF16-4EEE-884A-C4DBE11EEDC9}.Release|x64.ActiveCfg = Release|Any CPU
		{A0A572AE-AF16-4EEE-884A-C4DBE11EEDC9}.Release|x64.Build.0 = Release|Any CPU
		{A0A572AE-AF16-4EEE-884A-C4DBE11EEDC9}.Release|x86.ActiveCfg = Release|Any CPU
		{A0A572AE-AF16-4EEE-884A-C4DBE11EEDC9}.Release|x86.Build.0 = Release|Any CPU
		{22C78954-99DD-459F-A9B3-D13C1E4AD9AD}.Debug|Any CPU.ActiveCfg = Debug|Any CPU
		{22C78954-99DD-459F-A9B3-D13C1E4AD9AD}.Debug|Any CPU.Build.0 = Debug|Any CPU
		{22C78954-99DD-459F-A9B3-D13C1E4AD9AD}.Debug|x64.ActiveCfg = Debug|Any CPU
		{22C78954-99DD-459F-A9B3-D13C1E4AD9AD}.Debug|x64.Build.0 = Debug|Any CPU
		{22C78954-99DD-459F-A9B3-D13C1E4AD9AD}.Debug|x86.ActiveCfg = Debug|Any CPU
		{22C78954-99DD-459F-A9B3-D13C1E4AD9AD}.Debug|x86.Build.0 = Debug|Any CPU
		{22C78954-99DD-459F-A9B3-D13C1E4AD9AD}.Release|Any CPU.ActiveCfg = Release|Any CPU
		{22C78954-99DD-459F-A9B3-D13C1E4AD9AD}.Release|Any CPU.Build.0 = Release|Any CPU
		{22C78954-99DD-459F-A9B3-D13C1E4AD9AD}.Release|x64.ActiveCfg = Release|Any CPU
		{22C78954-99DD-459F-A9B3-D13C1E4AD9AD}.Release|x64.Build.0 = Release|Any CPU
		{22C78954-99DD-459F-A9B3-D13C1E4AD9AD}.Release|x86.ActiveCfg = Release|Any CPU
		{22C78954-99DD-459F-A9B3-D13C1E4AD9AD}.Release|x86.Build.0 = Release|Any CPU
		{6F8FEE39-8C74-4EC3-8D0A-8191834A1C9B}.Debug|Any CPU.ActiveCfg = Debug|Any CPU
		{6F8FEE39-8C74-4EC3-8D0A-8191834A1C9B}.Debug|Any CPU.Build.0 = Debug|Any CPU
		{6F8FEE39-8C74-4EC3-8D0A-8191834A1C9B}.Debug|x64.ActiveCfg = Debug|Any CPU
		{6F8FEE39-8C74-4EC3-8D0A-8191834A1C9B}.Debug|x64.Build.0 = Debug|Any CPU
		{6F8FEE39-8C74-4EC3-8D0A-8191834A1C9B}.Debug|x86.ActiveCfg = Debug|Any CPU
		{6F8FEE39-8C74-4EC3-8D0A-8191834A1C9B}.Debug|x86.Build.0 = Debug|Any CPU
		{6F8FEE39-8C74-4EC3-8D0A-8191834A1C9B}.Release|Any CPU.ActiveCfg = Release|Any CPU
		{6F8FEE39-8C74-4EC3-8D0A-8191834A1C9B}.Release|Any CPU.Build.0 = Release|Any CPU
		{6F8FEE39-8C74-4EC3-8D0A-8191834A1C9B}.Release|x64.ActiveCfg = Release|Any CPU
		{6F8FEE39-8C74-4EC3-8D0A-8191834A1C9B}.Release|x64.Build.0 = Release|Any CPU
		{6F8FEE39-8C74-4EC3-8D0A-8191834A1C9B}.Release|x86.ActiveCfg = Release|Any CPU
		{6F8FEE39-8C74-4EC3-8D0A-8191834A1C9B}.Release|x86.Build.0 = Release|Any CPU
		{B93B661B-FD33-44DC-B22C-DC74E6AD9CAA}.Debug|Any CPU.ActiveCfg = Debug|Any CPU
		{B93B661B-FD33-44DC-B22C-DC74E6AD9CAA}.Debug|Any CPU.Build.0 = Debug|Any CPU
		{B93B661B-FD33-44DC-B22C-DC74E6AD9CAA}.Debug|x64.ActiveCfg = Debug|Any CPU
		{B93B661B-FD33-44DC-B22C-DC74E6AD9CAA}.Debug|x64.Build.0 = Debug|Any CPU
		{B93B661B-FD33-44DC-B22C-DC74E6AD9CAA}.Debug|x86.ActiveCfg = Debug|Any CPU
		{B93B661B-FD33-44DC-B22C-DC74E6AD9CAA}.Debug|x86.Build.0 = Debug|Any CPU
		{B93B661B-FD33-44DC-B22C-DC74E6AD9CAA}.Release|Any CPU.ActiveCfg = Release|Any CPU
		{B93B661B-FD33-44DC-B22C-DC74E6AD9CAA}.Release|Any CPU.Build.0 = Release|Any CPU
		{B93B661B-FD33-44DC-B22C-DC74E6AD9CAA}.Release|x64.ActiveCfg = Release|Any CPU
		{B93B661B-FD33-44DC-B22C-DC74E6AD9CAA}.Release|x64.Build.0 = Release|Any CPU
		{B93B661B-FD33-44DC-B22C-DC74E6AD9CAA}.Release|x86.ActiveCfg = Release|Any CPU
		{B93B661B-FD33-44DC-B22C-DC74E6AD9CAA}.Release|x86.Build.0 = Release|Any CPU
		{14C152D8-0E54-453C-9FDD-4E825920CFC8}.Debug|Any CPU.ActiveCfg = Debug|Any CPU
		{14C152D8-0E54-453C-9FDD-4E825920CFC8}.Debug|Any CPU.Build.0 = Debug|Any CPU
		{14C152D8-0E54-453C-9FDD-4E825920CFC8}.Debug|x64.ActiveCfg = Debug|Any CPU
		{14C152D8-0E54-453C-9FDD-4E825920CFC8}.Debug|x64.Build.0 = Debug|Any CPU
		{14C152D8-0E54-453C-9FDD-4E825920CFC8}.Debug|x86.ActiveCfg = Debug|Any CPU
		{14C152D8-0E54-453C-9FDD-4E825920CFC8}.Debug|x86.Build.0 = Debug|Any CPU
		{14C152D8-0E54-453C-9FDD-4E825920CFC8}.Release|Any CPU.ActiveCfg = Release|Any CPU
		{14C152D8-0E54-453C-9FDD-4E825920CFC8}.Release|Any CPU.Build.0 = Release|Any CPU
		{14C152D8-0E54-453C-9FDD-4E825920CFC8}.Release|x64.ActiveCfg = Release|Any CPU
		{14C152D8-0E54-453C-9FDD-4E825920CFC8}.Release|x64.Build.0 = Release|Any CPU
		{14C152D8-0E54-453C-9FDD-4E825920CFC8}.Release|x86.ActiveCfg = Release|Any CPU
		{14C152D8-0E54-453C-9FDD-4E825920CFC8}.Release|x86.Build.0 = Release|Any CPU
		{EB650966-6509-477A-851F-CC5E8A2FEA7B}.Debug|Any CPU.ActiveCfg = Debug|Any CPU
		{EB650966-6509-477A-851F-CC5E8A2FEA7B}.Debug|Any CPU.Build.0 = Debug|Any CPU
		{EB650966-6509-477A-851F-CC5E8A2FEA7B}.Debug|x64.ActiveCfg = Debug|Any CPU
		{EB650966-6509-477A-851F-CC5E8A2FEA7B}.Debug|x64.Build.0 = Debug|Any CPU
		{EB650966-6509-477A-851F-CC5E8A2FEA7B}.Debug|x86.ActiveCfg = Debug|Any CPU
		{EB650966-6509-477A-851F-CC5E8A2FEA7B}.Debug|x86.Build.0 = Debug|Any CPU
		{EB650966-6509-477A-851F-CC5E8A2FEA7B}.Release|Any CPU.ActiveCfg = Release|Any CPU
		{EB650966-6509-477A-851F-CC5E8A2FEA7B}.Release|Any CPU.Build.0 = Release|Any CPU
		{EB650966-6509-477A-851F-CC5E8A2FEA7B}.Release|x64.ActiveCfg = Release|Any CPU
		{EB650966-6509-477A-851F-CC5E8A2FEA7B}.Release|x64.Build.0 = Release|Any CPU
		{EB650966-6509-477A-851F-CC5E8A2FEA7B}.Release|x86.ActiveCfg = Release|Any CPU
		{EB650966-6509-477A-851F-CC5E8A2FEA7B}.Release|x86.Build.0 = Release|Any CPU
		{6381C68A-F571-4FCB-BAFE-C67499988C33}.Debug|Any CPU.ActiveCfg = Debug|Any CPU
		{6381C68A-F571-4FCB-BAFE-C67499988C33}.Debug|Any CPU.Build.0 = Debug|Any CPU
		{6381C68A-F571-4FCB-BAFE-C67499988C33}.Debug|x64.ActiveCfg = Debug|Any CPU
		{6381C68A-F571-4FCB-BAFE-C67499988C33}.Debug|x64.Build.0 = Debug|Any CPU
		{6381C68A-F571-4FCB-BAFE-C67499988C33}.Debug|x86.ActiveCfg = Debug|Any CPU
		{6381C68A-F571-4FCB-BAFE-C67499988C33}.Debug|x86.Build.0 = Debug|Any CPU
		{6381C68A-F571-4FCB-BAFE-C67499988C33}.Release|Any CPU.ActiveCfg = Release|Any CPU
		{6381C68A-F571-4FCB-BAFE-C67499988C33}.Release|Any CPU.Build.0 = Release|Any CPU
		{6381C68A-F571-4FCB-BAFE-C67499988C33}.Release|x64.ActiveCfg = Release|Any CPU
		{6381C68A-F571-4FCB-BAFE-C67499988C33}.Release|x64.Build.0 = Release|Any CPU
		{6381C68A-F571-4FCB-BAFE-C67499988C33}.Release|x86.ActiveCfg = Release|Any CPU
		{6381C68A-F571-4FCB-BAFE-C67499988C33}.Release|x86.Build.0 = Release|Any CPU
		{3F7884A2-D009-48A2-AA69-56086D249E27}.Debug|Any CPU.ActiveCfg = Debug|Any CPU
		{3F7884A2-D009-48A2-AA69-56086D249E27}.Debug|Any CPU.Build.0 = Debug|Any CPU
		{3F7884A2-D009-48A2-AA69-56086D249E27}.Debug|x64.ActiveCfg = Debug|Any CPU
		{3F7884A2-D009-48A2-AA69-56086D249E27}.Debug|x64.Build.0 = Debug|Any CPU
		{3F7884A2-D009-48A2-AA69-56086D249E27}.Debug|x86.ActiveCfg = Debug|Any CPU
		{3F7884A2-D009-48A2-AA69-56086D249E27}.Debug|x86.Build.0 = Debug|Any CPU
		{3F7884A2-D009-48A2-AA69-56086D249E27}.Release|Any CPU.ActiveCfg = Release|Any CPU
		{3F7884A2-D009-48A2-AA69-56086D249E27}.Release|Any CPU.Build.0 = Release|Any CPU
		{3F7884A2-D009-48A2-AA69-56086D249E27}.Release|x64.ActiveCfg = Release|Any CPU
		{3F7884A2-D009-48A2-AA69-56086D249E27}.Release|x64.Build.0 = Release|Any CPU
		{3F7884A2-D009-48A2-AA69-56086D249E27}.Release|x86.ActiveCfg = Release|Any CPU
		{3F7884A2-D009-48A2-AA69-56086D249E27}.Release|x86.Build.0 = Release|Any CPU
		{D5802625-D04B-4326-A224-B8BDFDEAEFED}.Debug|Any CPU.ActiveCfg = Debug|Any CPU
		{D5802625-D04B-4326-A224-B8BDFDEAEFED}.Debug|Any CPU.Build.0 = Debug|Any CPU
		{D5802625-D04B-4326-A224-B8BDFDEAEFED}.Debug|x64.ActiveCfg = Debug|Any CPU
		{D5802625-D04B-4326-A224-B8BDFDEAEFED}.Debug|x64.Build.0 = Debug|Any CPU
		{D5802625-D04B-4326-A224-B8BDFDEAEFED}.Debug|x86.ActiveCfg = Debug|Any CPU
		{D5802625-D04B-4326-A224-B8BDFDEAEFED}.Debug|x86.Build.0 = Debug|Any CPU
		{D5802625-D04B-4326-A224-B8BDFDEAEFED}.Release|Any CPU.ActiveCfg = Release|Any CPU
		{D5802625-D04B-4326-A224-B8BDFDEAEFED}.Release|Any CPU.Build.0 = Release|Any CPU
		{D5802625-D04B-4326-A224-B8BDFDEAEFED}.Release|x64.ActiveCfg = Release|Any CPU
		{D5802625-D04B-4326-A224-B8BDFDEAEFED}.Release|x64.Build.0 = Release|Any CPU
		{D5802625-D04B-4326-A224-B8BDFDEAEFED}.Release|x86.ActiveCfg = Release|Any CPU
		{D5802625-D04B-4326-A224-B8BDFDEAEFED}.Release|x86.Build.0 = Release|Any CPU
		{11691A9E-059E-4063-9367-DC0BF530D590}.Debug|Any CPU.ActiveCfg = Debug|Any CPU
		{11691A9E-059E-4063-9367-DC0BF530D590}.Debug|Any CPU.Build.0 = Debug|Any CPU
		{11691A9E-059E-4063-9367-DC0BF530D590}.Debug|x64.ActiveCfg = Debug|Any CPU
		{11691A9E-059E-4063-9367-DC0BF530D590}.Debug|x64.Build.0 = Debug|Any CPU
		{11691A9E-059E-4063-9367-DC0BF530D590}.Debug|x86.ActiveCfg = Debug|Any CPU
		{11691A9E-059E-4063-9367-DC0BF530D590}.Debug|x86.Build.0 = Debug|Any CPU
		{11691A9E-059E-4063-9367-DC0BF530D590}.Release|Any CPU.ActiveCfg = Release|Any CPU
		{11691A9E-059E-4063-9367-DC0BF530D590}.Release|Any CPU.Build.0 = Release|Any CPU
		{11691A9E-059E-4063-9367-DC0BF530D590}.Release|x64.ActiveCfg = Release|Any CPU
		{11691A9E-059E-4063-9367-DC0BF530D590}.Release|x64.Build.0 = Release|Any CPU
		{11691A9E-059E-4063-9367-DC0BF530D590}.Release|x86.ActiveCfg = Release|Any CPU
		{11691A9E-059E-4063-9367-DC0BF530D590}.Release|x86.Build.0 = Release|Any CPU
		{D07A3F6C-D7CD-42AE-BA93-C9B650766077}.Debug|Any CPU.ActiveCfg = Debug|Any CPU
		{D07A3F6C-D7CD-42AE-BA93-C9B650766077}.Debug|Any CPU.Build.0 = Debug|Any CPU
		{D07A3F6C-D7CD-42AE-BA93-C9B650766077}.Debug|x64.ActiveCfg = Debug|Any CPU
		{D07A3F6C-D7CD-42AE-BA93-C9B650766077}.Debug|x64.Build.0 = Debug|Any CPU
		{D07A3F6C-D7CD-42AE-BA93-C9B650766077}.Debug|x86.ActiveCfg = Debug|Any CPU
		{D07A3F6C-D7CD-42AE-BA93-C9B650766077}.Debug|x86.Build.0 = Debug|Any CPU
		{D07A3F6C-D7CD-42AE-BA93-C9B650766077}.Release|Any CPU.ActiveCfg = Release|Any CPU
		{D07A3F6C-D7CD-42AE-BA93-C9B650766077}.Release|Any CPU.Build.0 = Release|Any CPU
		{D07A3F6C-D7CD-42AE-BA93-C9B650766077}.Release|x64.ActiveCfg = Release|Any CPU
		{D07A3F6C-D7CD-42AE-BA93-C9B650766077}.Release|x64.Build.0 = Release|Any CPU
		{D07A3F6C-D7CD-42AE-BA93-C9B650766077}.Release|x86.ActiveCfg = Release|Any CPU
		{D07A3F6C-D7CD-42AE-BA93-C9B650766077}.Release|x86.Build.0 = Release|Any CPU
		{4DE7A20A-63B8-4CE4-A1D9-5A007D23E4E7}.Debug|Any CPU.ActiveCfg = Debug|Any CPU
		{4DE7A20A-63B8-4CE4-A1D9-5A007D23E4E7}.Debug|Any CPU.Build.0 = Debug|Any CPU
		{4DE7A20A-63B8-4CE4-A1D9-5A007D23E4E7}.Debug|x64.ActiveCfg = Debug|Any CPU
		{4DE7A20A-63B8-4CE4-A1D9-5A007D23E4E7}.Debug|x64.Build.0 = Debug|Any CPU
		{4DE7A20A-63B8-4CE4-A1D9-5A007D23E4E7}.Debug|x86.ActiveCfg = Debug|Any CPU
		{4DE7A20A-63B8-4CE4-A1D9-5A007D23E4E7}.Debug|x86.Build.0 = Debug|Any CPU
		{4DE7A20A-63B8-4CE4-A1D9-5A007D23E4E7}.Release|Any CPU.ActiveCfg = Release|Any CPU
		{4DE7A20A-63B8-4CE4-A1D9-5A007D23E4E7}.Release|Any CPU.Build.0 = Release|Any CPU
		{4DE7A20A-63B8-4CE4-A1D9-5A007D23E4E7}.Release|x64.ActiveCfg = Release|Any CPU
		{4DE7A20A-63B8-4CE4-A1D9-5A007D23E4E7}.Release|x64.Build.0 = Release|Any CPU
		{4DE7A20A-63B8-4CE4-A1D9-5A007D23E4E7}.Release|x86.ActiveCfg = Release|Any CPU
		{4DE7A20A-63B8-4CE4-A1D9-5A007D23E4E7}.Release|x86.Build.0 = Release|Any CPU
		{8059FC19-6926-44EB-8137-A942FB8AC6DB}.Debug|Any CPU.ActiveCfg = Debug|Any CPU
		{8059FC19-6926-44EB-8137-A942FB8AC6DB}.Debug|Any CPU.Build.0 = Debug|Any CPU
		{8059FC19-6926-44EB-8137-A942FB8AC6DB}.Debug|x64.ActiveCfg = Debug|Any CPU
		{8059FC19-6926-44EB-8137-A942FB8AC6DB}.Debug|x64.Build.0 = Debug|Any CPU
		{8059FC19-6926-44EB-8137-A942FB8AC6DB}.Debug|x86.ActiveCfg = Debug|Any CPU
		{8059FC19-6926-44EB-8137-A942FB8AC6DB}.Debug|x86.Build.0 = Debug|Any CPU
		{8059FC19-6926-44EB-8137-A942FB8AC6DB}.Release|Any CPU.ActiveCfg = Release|Any CPU
		{8059FC19-6926-44EB-8137-A942FB8AC6DB}.Release|Any CPU.Build.0 = Release|Any CPU
		{8059FC19-6926-44EB-8137-A942FB8AC6DB}.Release|x64.ActiveCfg = Release|Any CPU
		{8059FC19-6926-44EB-8137-A942FB8AC6DB}.Release|x64.Build.0 = Release|Any CPU
		{8059FC19-6926-44EB-8137-A942FB8AC6DB}.Release|x86.ActiveCfg = Release|Any CPU
		{8059FC19-6926-44EB-8137-A942FB8AC6DB}.Release|x86.Build.0 = Release|Any CPU
		{22715B99-513F-4DAE-B0BC-F38568268F3F}.Debug|Any CPU.ActiveCfg = Debug|Any CPU
		{22715B99-513F-4DAE-B0BC-F38568268F3F}.Debug|Any CPU.Build.0 = Debug|Any CPU
		{22715B99-513F-4DAE-B0BC-F38568268F3F}.Debug|x64.ActiveCfg = Debug|Any CPU
		{22715B99-513F-4DAE-B0BC-F38568268F3F}.Debug|x64.Build.0 = Debug|Any CPU
		{22715B99-513F-4DAE-B0BC-F38568268F3F}.Debug|x86.ActiveCfg = Debug|Any CPU
		{22715B99-513F-4DAE-B0BC-F38568268F3F}.Debug|x86.Build.0 = Debug|Any CPU
		{22715B99-513F-4DAE-B0BC-F38568268F3F}.Release|Any CPU.ActiveCfg = Release|Any CPU
		{22715B99-513F-4DAE-B0BC-F38568268F3F}.Release|Any CPU.Build.0 = Release|Any CPU
		{22715B99-513F-4DAE-B0BC-F38568268F3F}.Release|x64.ActiveCfg = Release|Any CPU
		{22715B99-513F-4DAE-B0BC-F38568268F3F}.Release|x64.Build.0 = Release|Any CPU
		{22715B99-513F-4DAE-B0BC-F38568268F3F}.Release|x86.ActiveCfg = Release|Any CPU
		{22715B99-513F-4DAE-B0BC-F38568268F3F}.Release|x86.Build.0 = Release|Any CPU
		{9A115AFC-DDAF-4919-B616-FAC775204BF2}.Debug|Any CPU.ActiveCfg = Debug|Any CPU
		{9A115AFC-DDAF-4919-B616-FAC775204BF2}.Debug|Any CPU.Build.0 = Debug|Any CPU
		{9A115AFC-DDAF-4919-B616-FAC775204BF2}.Debug|x64.ActiveCfg = Debug|Any CPU
		{9A115AFC-DDAF-4919-B616-FAC775204BF2}.Debug|x64.Build.0 = Debug|Any CPU
		{9A115AFC-DDAF-4919-B616-FAC775204BF2}.Debug|x86.ActiveCfg = Debug|Any CPU
		{9A115AFC-DDAF-4919-B616-FAC775204BF2}.Debug|x86.Build.0 = Debug|Any CPU
		{9A115AFC-DDAF-4919-B616-FAC775204BF2}.Release|Any CPU.ActiveCfg = Release|Any CPU
		{9A115AFC-DDAF-4919-B616-FAC775204BF2}.Release|Any CPU.Build.0 = Release|Any CPU
		{9A115AFC-DDAF-4919-B616-FAC775204BF2}.Release|x64.ActiveCfg = Release|Any CPU
		{9A115AFC-DDAF-4919-B616-FAC775204BF2}.Release|x64.Build.0 = Release|Any CPU
		{9A115AFC-DDAF-4919-B616-FAC775204BF2}.Release|x86.ActiveCfg = Release|Any CPU
		{9A115AFC-DDAF-4919-B616-FAC775204BF2}.Release|x86.Build.0 = Release|Any CPU
		{22C9FA3A-E65B-4531-B94D-E6305F21C9DB}.Debug|Any CPU.ActiveCfg = Debug|Any CPU
		{22C9FA3A-E65B-4531-B94D-E6305F21C9DB}.Debug|Any CPU.Build.0 = Debug|Any CPU
		{22C9FA3A-E65B-4531-B94D-E6305F21C9DB}.Debug|x64.ActiveCfg = Debug|Any CPU
		{22C9FA3A-E65B-4531-B94D-E6305F21C9DB}.Debug|x64.Build.0 = Debug|Any CPU
		{22C9FA3A-E65B-4531-B94D-E6305F21C9DB}.Debug|x86.ActiveCfg = Debug|Any CPU
		{22C9FA3A-E65B-4531-B94D-E6305F21C9DB}.Debug|x86.Build.0 = Debug|Any CPU
		{22C9FA3A-E65B-4531-B94D-E6305F21C9DB}.Release|Any CPU.ActiveCfg = Release|Any CPU
		{22C9FA3A-E65B-4531-B94D-E6305F21C9DB}.Release|Any CPU.Build.0 = Release|Any CPU
		{22C9FA3A-E65B-4531-B94D-E6305F21C9DB}.Release|x64.ActiveCfg = Release|Any CPU
		{22C9FA3A-E65B-4531-B94D-E6305F21C9DB}.Release|x64.Build.0 = Release|Any CPU
		{22C9FA3A-E65B-4531-B94D-E6305F21C9DB}.Release|x86.ActiveCfg = Release|Any CPU
		{22C9FA3A-E65B-4531-B94D-E6305F21C9DB}.Release|x86.Build.0 = Release|Any CPU
		{07E62CC0-E189-4EA2-9546-2E16B2BE9F23}.Debug|Any CPU.ActiveCfg = Debug|Any CPU
		{07E62CC0-E189-4EA2-9546-2E16B2BE9F23}.Debug|Any CPU.Build.0 = Debug|Any CPU
		{07E62CC0-E189-4EA2-9546-2E16B2BE9F23}.Debug|x64.ActiveCfg = Debug|Any CPU
		{07E62CC0-E189-4EA2-9546-2E16B2BE9F23}.Debug|x64.Build.0 = Debug|Any CPU
		{07E62CC0-E189-4EA2-9546-2E16B2BE9F23}.Debug|x86.ActiveCfg = Debug|Any CPU
		{07E62CC0-E189-4EA2-9546-2E16B2BE9F23}.Debug|x86.Build.0 = Debug|Any CPU
		{07E62CC0-E189-4EA2-9546-2E16B2BE9F23}.Release|Any CPU.ActiveCfg = Release|Any CPU
		{07E62CC0-E189-4EA2-9546-2E16B2BE9F23}.Release|Any CPU.Build.0 = Release|Any CPU
		{07E62CC0-E189-4EA2-9546-2E16B2BE9F23}.Release|x64.ActiveCfg = Release|Any CPU
		{07E62CC0-E189-4EA2-9546-2E16B2BE9F23}.Release|x64.Build.0 = Release|Any CPU
		{07E62CC0-E189-4EA2-9546-2E16B2BE9F23}.Release|x86.ActiveCfg = Release|Any CPU
		{07E62CC0-E189-4EA2-9546-2E16B2BE9F23}.Release|x86.Build.0 = Release|Any CPU
	EndGlobalSection
	GlobalSection(SolutionProperties) = preSolution
		HideSolutionNode = FALSE
	EndGlobalSection
	GlobalSection(NestedProjects) = preSolution
		{B0A116DD-E27A-4E37-963C-EB1E51BE73BC} = {827E0CD3-B72D-47B6-A68D-7590B98EB39B}
		{0BC0A170-83B2-4871-8B50-6090793C79B3} = {827E0CD3-B72D-47B6-A68D-7590B98EB39B}
		{54B5BC55-F9CA-4135-87BE-8561C1DF93E0} = {0AB3BF05-4346-4AA6-1389-037BE0695223}
		{99DEC633-9C13-4F77-AEC8-E69B99C4502E} = {827E0CD3-B72D-47B6-A68D-7590B98EB39B}
		{1A8DFFAC-31C9-4A48-80BE-49107F924A0F} = {827E0CD3-B72D-47B6-A68D-7590B98EB39B}
		{F8D010D3-2133-4621-A525-84D97E21786C} = {0AB3BF05-4346-4AA6-1389-037BE0695223}
		{EF154D47-57A7-492D-BB79-5D803AE2310D} = {827E0CD3-B72D-47B6-A68D-7590B98EB39B}
		{908ED09E-9172-4BAF-B81D-62E8AEE79F62} = {0AB3BF05-4346-4AA6-1389-037BE0695223}
		{0C65532A-4C1E-40A3-98F6-5A86192F77F6} = {827E0CD3-B72D-47B6-A68D-7590B98EB39B}
		{D1B856F9-7F8A-4816-8175-759A3E380813} = {827E0CD3-B72D-47B6-A68D-7590B98EB39B}
		{A432B9EB-C4BB-46D4-A1D3-BE3960E36383} = {0AB3BF05-4346-4AA6-1389-037BE0695223}
		{FA61A92D-C925-4586-A604-2C98EADAB65B} = {827E0CD3-B72D-47B6-A68D-7590B98EB39B}
		{B70AAB60-3D1A-402C-BABC-C87536E8E4B9} = {827E0CD3-B72D-47B6-A68D-7590B98EB39B}
		{DE393E70-91D7-44AC-A712-820486A3B289} = {0AB3BF05-4346-4AA6-1389-037BE0695223}
		{9F635D52-35BC-4793-AA31-FCFA01BF117A} = {827E0CD3-B72D-47B6-A68D-7590B98EB39B}
		{8B7D989D-5106-4197-AF06-CBF27968CBAE} = {827E0CD3-B72D-47B6-A68D-7590B98EB39B}
		{1F2C123C-2D79-4AAD-8D8D-76A31195F339} = {827E0CD3-B72D-47B6-A68D-7590B98EB39B}
		{C28B3C29-D9D6-4F1B-B9E2-8CAB58EE27F0} = {0AB3BF05-4346-4AA6-1389-037BE0695223}
		{F57B1DBD-ACFF-4D51-B0EC-F8D4D672A394} = {0AB3BF05-4346-4AA6-1389-037BE0695223}
		{749EC336-C280-4DC2-A9B5-E97B4A2F2F0A} = {827E0CD3-B72D-47B6-A68D-7590B98EB39B}
		{B7DDE81B-7C9D-482F-BBDC-70123C7864B6} = {827E0CD3-B72D-47B6-A68D-7590B98EB39B}
		{883F029F-DA87-40F3-8564-23E1E52D91D7} = {0AB3BF05-4346-4AA6-1389-037BE0695223}
		{FB3EBB17-CF81-4E69-844D-C2F5A73E0EC3} = {827E0CD3-B72D-47B6-A68D-7590B98EB39B}
		{CFE5DC66-3087-4075-B49D-8CDEC6FB9A22} = {827E0CD3-B72D-47B6-A68D-7590B98EB39B}
		{F33625FF-29A1-4075-ACED-DD1014D51745} = {0AB3BF05-4346-4AA6-1389-037BE0695223}
		{B2AEEADE-60D0-4A45-B59C-2E86587B4D9A} = {827E0CD3-B72D-47B6-A68D-7590B98EB39B}
		{3E1437CA-7CE0-4F0A-AC87-56C159F45484} = {827E0CD3-B72D-47B6-A68D-7590B98EB39B}
		{A197648C-2CAF-4A2B-90E7-BE7CA7433DDF} = {0AB3BF05-4346-4AA6-1389-037BE0695223}
		{7FBEB4CE-3415-455E-9021-4BDEDFCBFD22} = {827E0CD3-B72D-47B6-A68D-7590B98EB39B}
		{89636CDF-4736-4ADB-B377-D82AD7723AE3} = {827E0CD3-B72D-47B6-A68D-7590B98EB39B}
		{E95937E2-0EA5-4C50-A39A-07D85B4E0A6F} = {0AB3BF05-4346-4AA6-1389-037BE0695223}
		{FBAD9D75-E6D7-4D1F-8DBC-85D061DB827B} = {827E0CD3-B72D-47B6-A68D-7590B98EB39B}
		{7F0C5894-FAD9-4A77-A692-752A940B98BD} = {827E0CD3-B72D-47B6-A68D-7590B98EB39B}
		{E41A3BCE-C08D-4D24-8B14-174A2C356B75} = {0AB3BF05-4346-4AA6-1389-037BE0695223}
		{C1602EFF-85C6-400B-BF77-E38ECB7C10C2} = {827E0CD3-B72D-47B6-A68D-7590B98EB39B}
		{9D5001A6-FBD2-4E52-9C67-305BC154F799} = {827E0CD3-B72D-47B6-A68D-7590B98EB39B}
		{D2BB546D-F297-4F1D-A018-07FC64AA1E96} = {0AB3BF05-4346-4AA6-1389-037BE0695223}
		{DB57A4CE-3FA4-4C24-A5D1-13DECF4B9625} = {827E0CD3-B72D-47B6-A68D-7590B98EB39B}
		{2F6B4949-0DE2-4899-A11A-8005224CA6FA} = {827E0CD3-B72D-47B6-A68D-7590B98EB39B}
		{24E2C364-ED51-40F6-99F6-DDD912A6701C} = {0AB3BF05-4346-4AA6-1389-037BE0695223}
		{A0A572AE-AF16-4EEE-884A-C4DBE11EEDC9} = {827E0CD3-B72D-47B6-A68D-7590B98EB39B}
		{22C78954-99DD-459F-A9B3-D13C1E4AD9AD} = {827E0CD3-B72D-47B6-A68D-7590B98EB39B}
		{6F8FEE39-8C74-4EC3-8D0A-8191834A1C9B} = {0AB3BF05-4346-4AA6-1389-037BE0695223}
		{B93B661B-FD33-44DC-B22C-DC74E6AD9CAA} = {827E0CD3-B72D-47B6-A68D-7590B98EB39B}
		{14C152D8-0E54-453C-9FDD-4E825920CFC8} = {827E0CD3-B72D-47B6-A68D-7590B98EB39B}
		{EB650966-6509-477A-851F-CC5E8A2FEA7B} = {0AB3BF05-4346-4AA6-1389-037BE0695223}
		{6381C68A-F571-4FCB-BAFE-C67499988C33} = {827E0CD3-B72D-47B6-A68D-7590B98EB39B}
		{3F7884A2-D009-48A2-AA69-56086D249E27} = {827E0CD3-B72D-47B6-A68D-7590B98EB39B}
		{D5802625-D04B-4326-A224-B8BDFDEAEFED} = {0AB3BF05-4346-4AA6-1389-037BE0695223}
		{11691A9E-059E-4063-9367-DC0BF530D590} = {827E0CD3-B72D-47B6-A68D-7590B98EB39B}
		{D07A3F6C-D7CD-42AE-BA93-C9B650766077} = {827E0CD3-B72D-47B6-A68D-7590B98EB39B}
		{4DE7A20A-63B8-4CE4-A1D9-5A007D23E4E7} = {827E0CD3-B72D-47B6-A68D-7590B98EB39B}
		{8059FC19-6926-44EB-8137-A942FB8AC6DB} = {0AB3BF05-4346-4AA6-1389-037BE0695223}
		{22715B99-513F-4DAE-B0BC-F38568268F3F} = {0AB3BF05-4346-4AA6-1389-037BE0695223}
		{9A115AFC-DDAF-4919-B616-FAC775204BF2} = {827E0CD3-B72D-47B6-A68D-7590B98EB39B}
		{22C9FA3A-E65B-4531-B94D-E6305F21C9DB} = {827E0CD3-B72D-47B6-A68D-7590B98EB39B}
		{07E62CC0-E189-4EA2-9546-2E16B2BE9F23} = {0AB3BF05-4346-4AA6-1389-037BE0695223}
	EndGlobalSection
EndGlobal
