
Microsoft Visual Studio Solution File, Format Version 12.00
# Visual Studio Version 17
VisualStudioVersion = 17.0.31903.59
MinimumVisualStudioVersion = 10.0.40219.1
Project("{2150E333-8FDC-42A3-9474-1A3956D46DE8}") = "src", "src", "{827E0CD3-B72D-47B6-A68D-7590B98EB39B}"
EndProject
Project("{FAE04EC0-301F-11D3-BF4B-00C04F79EFBC}") = "Winix.TimeIt", "src\Winix.TimeIt\Winix.TimeIt.csproj", "{B0A116DD-E27A-4E37-963C-EB1E51BE73BC}"
EndProject
Project("{FAE04EC0-301F-11D3-BF4B-00C04F79EFBC}") = "timeit", "src\timeit\timeit.csproj", "{0BC0A170-83B2-4871-8B50-6090793C79B3}"
EndProject
Project("{2150E333-8FDC-42A3-9474-1A3956D46DE8}") = "tests", "tests", "{0AB3BF05-4346-4AA6-1389-037BE0695223}"
EndProject
Project("{FAE04EC0-301F-11D3-BF4B-00C04F79EFBC}") = "Winix.TimeIt.Tests", "tests\Winix.TimeIt.Tests\Winix.TimeIt.Tests.csproj", "{54B5BC55-F9CA-4135-87BE-8561C1DF93E0}"
EndProject
Project("{FAE04EC0-301F-11D3-BF4B-00C04F79EFBC}") = "Winix.Squeeze", "src\Winix.Squeeze\Winix.Squeeze.csproj", "{99DEC633-9C13-4F77-AEC8-E69B99C4502E}"
EndProject
Project("{FAE04EC0-301F-11D3-BF4B-00C04F79EFBC}") = "squeeze", "src\squeeze\squeeze.csproj", "{1A8DFFAC-31C9-4A48-80BE-49107F924A0F}"
EndProject
Project("{FAE04EC0-301F-11D3-BF4B-00C04F79EFBC}") = "Winix.Squeeze.Tests", "tests\Winix.Squeeze.Tests\Winix.Squeeze.Tests.csproj", "{F8D010D3-2133-4621-A525-84D97E21786C}"
EndProject
Project("{FAE04EC0-301F-11D3-BF4B-00C04F79EFBC}") = "Yort.ShellKit", "src\Yort.ShellKit\Yort.ShellKit.csproj", "{EF154D47-57A7-492D-BB79-5D803AE2310D}"
EndProject
Project("{FAE04EC0-301F-11D3-BF4B-00C04F79EFBC}") = "Yort.ShellKit.Tests", "tests\Yort.ShellKit.Tests\Yort.ShellKit.Tests.csproj", "{908ED09E-9172-4BAF-B81D-62E8AEE79F62}"
EndProject
Project("{FAE04EC0-301F-11D3-BF4B-00C04F79EFBC}") = "Winix.Peep", "src\Winix.Peep\Winix.Peep.csproj", "{0C65532A-4C1E-40A3-98F6-5A86192F77F6}"
EndProject
Project("{FAE04EC0-301F-11D3-BF4B-00C04F79EFBC}") = "peep", "src\peep\peep.csproj", "{D1B856F9-7F8A-4816-8175-759A3E380813}"
EndProject
Project("{FAE04EC0-301F-11D3-BF4B-00C04F79EFBC}") = "Winix.Peep.Tests", "tests\Winix.Peep.Tests\Winix.Peep.Tests.csproj", "{A432B9EB-C4BB-46D4-A1D3-BE3960E36383}"
EndProject
Project("{FAE04EC0-301F-11D3-BF4B-00C04F79EFBC}") = "Winix.Wargs", "src\Winix.Wargs\Winix.Wargs.csproj", "{FA61A92D-C925-4586-A604-2C98EADAB65B}"
EndProject
Project("{FAE04EC0-301F-11D3-BF4B-00C04F79EFBC}") = "wargs", "src\wargs\wargs.csproj", "{B70AAB60-3D1A-402C-BABC-C87536E8E4B9}"
EndProject
Project("{FAE04EC0-301F-11D3-BF4B-00C04F79EFBC}") = "Winix.Wargs.Tests", "tests\Winix.Wargs.Tests\Winix.Wargs.Tests.csproj", "{DE393E70-91D7-44AC-A712-820486A3B289}"
EndProject
Project("{FAE04EC0-301F-11D3-BF4B-00C04F79EFBC}") = "Winix.FileWalk", "src\Winix.FileWalk\Winix.FileWalk.csproj", "{9F635D52-35BC-4793-AA31-FCFA01BF117A}"
EndProject
Project("{FAE04EC0-301F-11D3-BF4B-00C04F79EFBC}") = "Winix.Files", "src\Winix.Files\Winix.Files.csproj", "{8B7D989D-5106-4197-AF06-CBF27968CBAE}"
EndProject
Project("{FAE04EC0-301F-11D3-BF4B-00C04F79EFBC}") = "files", "src\files\files.csproj", "{1F2C123C-2D79-4AAD-8D8D-76A31195F339}"
EndProject
Project("{FAE04EC0-301F-11D3-BF4B-00C04F79EFBC}") = "Winix.FileWalk.Tests", "tests\Winix.FileWalk.Tests\Winix.FileWalk.Tests.csproj", "{C28B3C29-D9D6-4F1B-B9E2-8CAB58EE27F0}"
EndProject
Project("{FAE04EC0-301F-11D3-BF4B-00C04F79EFBC}") = "Winix.Files.Tests", "tests\Winix.Files.Tests\Winix.Files.Tests.csproj", "{F57B1DBD-ACFF-4D51-B0EC-F8D4D672A394}"
EndProject
Project("{FAE04EC0-301F-11D3-BF4B-00C04F79EFBC}") = "Winix.TreeX", "src\Winix.TreeX\Winix.TreeX.csproj", "{749EC336-C280-4DC2-A9B5-E97B4A2F2F0A}"
EndProject
Project("{FAE04EC0-301F-11D3-BF4B-00C04F79EFBC}") = "treex", "src\treex\treex.csproj", "{B7DDE81B-7C9D-482F-BBDC-70123C7864B6}"
EndProject
Project("{FAE04EC0-301F-11D3-BF4B-00C04F79EFBC}") = "Winix.TreeX.Tests", "tests\Winix.TreeX.Tests\Winix.TreeX.Tests.csproj", "{883F029F-DA87-40F3-8564-23E1E52D91D7}"
EndProject
Project("{FAE04EC0-301F-11D3-BF4B-00C04F79EFBC}") = "Winix.Winix", "src\Winix.Winix\Winix.Winix.csproj", "{FB3EBB17-CF81-4E69-844D-C2F5A73E0EC3}"
EndProject
Project("{FAE04EC0-301F-11D3-BF4B-00C04F79EFBC}") = "winix", "src\winix\winix.csproj", "{CFE5DC66-3087-4075-B49D-8CDEC6FB9A22}"
EndProject
Project("{FAE04EC0-301F-11D3-BF4B-00C04F79EFBC}") = "Winix.Winix.Tests", "tests\Winix.Winix.Tests\Winix.Winix.Tests.csproj", "{F33625FF-29A1-4075-ACED-DD1014D51745}"
EndProject
Global
	GlobalSection(SolutionConfigurationPlatforms) = preSolution
		Debug|Any CPU = Debug|Any CPU
		Debug|x64 = Debug|x64
		Debug|x86 = Debug|x86
		Release|Any CPU = Release|Any CPU
		Release|x64 = Release|x64
		Release|x86 = Release|x86
	EndGlobalSection
	GlobalSection(ProjectConfigurationPlatforms) = postSolution
		{B0A116DD-E27A-4E37-963C-EB1E51BE73BC}.Debug|Any CPU.ActiveCfg = Debug|Any CPU
		{B0A116DD-E27A-4E37-963C-EB1E51BE73BC}.Debug|Any CPU.Build.0 = Debug|Any CPU
		{B0A116DD-E27A-4E37-963C-EB1E51BE73BC}.Debug|x64.ActiveCfg = Debug|Any CPU
		{B0A116DD-E27A-4E37-963C-EB1E51BE73BC}.Debug|x64.Build.0 = Debug|Any CPU
		{B0A116DD-E27A-4E37-963C-EB1E51BE73BC}.Debug|x86.ActiveCfg = Debug|Any CPU
		{B0A116DD-E27A-4E37-963C-EB1E51BE73BC}.Debug|x86.Build.0 = Debug|Any CPU
		{B0A116DD-E27A-4E37-963C-EB1E51BE73BC}.Release|Any CPU.ActiveCfg = Release|Any CPU
		{B0A116DD-E27A-4E37-963C-EB1E51BE73BC}.Release|Any CPU.Build.0 = Release|Any CPU
		{B0A116DD-E27A-4E37-963C-EB1E51BE73BC}.Release|x64.ActiveCfg = Release|Any CPU
		{B0A116DD-E27A-4E37-963C-EB1E51BE73BC}.Release|x64.Build.0 = Release|Any CPU
		{B0A116DD-E27A-4E37-963C-EB1E51BE73BC}.Release|x86.ActiveCfg = Release|Any CPU
		{B0A116DD-E27A-4E37-963C-EB1E51BE73BC}.Release|x86.Build.0 = Release|Any CPU
		{0BC0A170-83B2-4871-8B50-6090793C79B3}.Debug|Any CPU.ActiveCfg = Debug|Any CPU
		{0BC0A170-83B2-4871-8B50-6090793C79B3}.Debug|Any CPU.Build.0 = Debug|Any CPU
		{0BC0A170-83B2-4871-8B50-6090793C79B3}.Debug|x64.ActiveCfg = Debug|Any CPU
		{0BC0A170-83B2-4871-8B50-6090793C79B3}.Debug|x64.Build.0 = Debug|Any CPU
		{0BC0A170-83B2-4871-8B50-6090793C79B3}.Debug|x86.ActiveCfg = Debug|Any CPU
		{0BC0A170-83B2-4871-8B50-6090793C79B3}.Debug|x86.Build.0 = Debug|Any CPU
		{0BC0A170-83B2-4871-8B50-6090793C79B3}.Release|Any CPU.ActiveCfg = Release|Any CPU
		{0BC0A170-83B2-4871-8B50-6090793C79B3}.Release|Any CPU.Build.0 = Release|Any CPU
		{0BC0A170-83B2-4871-8B50-6090793C79B3}.Release|x64.ActiveCfg = Release|Any CPU
		{0BC0A170-83B2-4871-8B50-6090793C79B3}.Release|x64.Build.0 = Release|Any CPU
		{0BC0A170-83B2-4871-8B50-6090793C79B3}.Release|x86.ActiveCfg = Release|Any CPU
		{0BC0A170-83B2-4871-8B50-6090793C79B3}.Release|x86.Build.0 = Release|Any CPU
		{54B5BC55-F9CA-4135-87BE-8561C1DF93E0}.Debug|Any CPU.ActiveCfg = Debug|Any CPU
		{54B5BC55-F9CA-4135-87BE-8561C1DF93E0}.Debug|Any CPU.Build.0 = Debug|Any CPU
		{54B5BC55-F9CA-4135-87BE-8561C1DF93E0}.Debug|x64.ActiveCfg = Debug|Any CPU
		{54B5BC55-F9CA-4135-87BE-8561C1DF93E0}.Debug|x64.Build.0 = Debug|Any CPU
		{54B5BC55-F9CA-4135-87BE-8561C1DF93E0}.Debug|x86.ActiveCfg = Debug|Any CPU
		{54B5BC55-F9CA-4135-87BE-8561C1DF93E0}.Debug|x86.Build.0 = Debug|Any CPU
		{54B5BC55-F9CA-4135-87BE-8561C1DF93E0}.Release|Any CPU.ActiveCfg = Release|Any CPU
		{54B5BC55-F9CA-4135-87BE-8561C1DF93E0}.Release|Any CPU.Build.0 = Release|Any CPU
		{54B5BC55-F9CA-4135-87BE-8561C1DF93E0}.Release|x64.ActiveCfg = Release|Any CPU
		{54B5BC55-F9CA-4135-87BE-8561C1DF93E0}.Release|x64.Build.0 = Release|Any CPU
		{54B5BC55-F9CA-4135-87BE-8561C1DF93E0}.Release|x86.ActiveCfg = Release|Any CPU
		{54B5BC55-F9CA-4135-87BE-8561C1DF93E0}.Release|x86.Build.0 = Release|Any CPU
		{99DEC633-9C13-4F77-AEC8-E69B99C4502E}.Debug|Any CPU.ActiveCfg = Debug|Any CPU
		{99DEC633-9C13-4F77-AEC8-E69B99C4502E}.Debug|Any CPU.Build.0 = Debug|Any CPU
		{99DEC633-9C13-4F77-AEC8-E69B99C4502E}.Debug|x64.ActiveCfg = Debug|Any CPU
		{99DEC633-9C13-4F77-AEC8-E69B99C4502E}.Debug|x64.Build.0 = Debug|Any CPU
		{99DEC633-9C13-4F77-AEC8-E69B99C4502E}.Debug|x86.ActiveCfg = Debug|Any CPU
		{99DEC633-9C13-4F77-AEC8-E69B99C4502E}.Debug|x86.Build.0 = Debug|Any CPU
		{99DEC633-9C13-4F77-AEC8-E69B99C4502E}.Release|Any CPU.ActiveCfg = Release|Any CPU
		{99DEC633-9C13-4F77-AEC8-E69B99C4502E}.Release|Any CPU.Build.0 = Release|Any CPU
		{99DEC633-9C13-4F77-AEC8-E69B99C4502E}.Release|x64.ActiveCfg = Release|Any CPU
		{99DEC633-9C13-4F77-AEC8-E69B99C4502E}.Release|x64.Build.0 = Release|Any CPU
		{99DEC633-9C13-4F77-AEC8-E69B99C4502E}.Release|x86.ActiveCfg = Release|Any CPU
		{99DEC633-9C13-4F77-AEC8-E69B99C4502E}.Release|x86.Build.0 = Release|Any CPU
		{1A8DFFAC-31C9-4A48-80BE-49107F924A0F}.Debug|Any CPU.ActiveCfg = Debug|Any CPU
		{1A8DFFAC-31C9-4A48-80BE-49107F924A0F}.Debug|Any CPU.Build.0 = Debug|Any CPU
		{1A8DFFAC-31C9-4A48-80BE-49107F924A0F}.Debug|x64.ActiveCfg = Debug|Any CPU
		{1A8DFFAC-31C9-4A48-80BE-49107F924A0F}.Debug|x64.Build.0 = Debug|Any CPU
		{1A8DFFAC-31C9-4A48-80BE-49107F924A0F}.Debug|x86.ActiveCfg = Debug|Any CPU
		{1A8DFFAC-31C9-4A48-80BE-49107F924A0F}.Debug|x86.Build.0 = Debug|Any CPU
		{1A8DFFAC-31C9-4A48-80BE-49107F924A0F}.Release|Any CPU.ActiveCfg = Release|Any CPU
		{1A8DFFAC-31C9-4A48-80BE-49107F924A0F}.Release|Any CPU.Build.0 = Release|Any CPU
		{1A8DFFAC-31C9-4A48-80BE-49107F924A0F}.Release|x64.ActiveCfg = Release|Any CPU
		{1A8DFFAC-31C9-4A48-80BE-49107F924A0F}.Release|x64.Build.0 = Release|Any CPU
		{1A8DFFAC-31C9-4A48-80BE-49107F924A0F}.Release|x86.ActiveCfg = Release|Any CPU
		{1A8DFFAC-31C9-4A48-80BE-49107F924A0F}.Release|x86.Build.0 = Release|Any CPU
		{F8D010D3-2133-4621-A525-84D97E21786C}.Debug|Any CPU.ActiveCfg = Debug|Any CPU
		{F8D010D3-2133-4621-A525-84D97E21786C}.Debug|Any CPU.Build.0 = Debug|Any CPU
		{F8D010D3-2133-4621-A525-84D97E21786C}.Debug|x64.ActiveCfg = Debug|Any CPU
		{F8D010D3-2133-4621-A525-84D97E21786C}.Debug|x64.Build.0 = Debug|Any CPU
		{F8D010D3-2133-4621-A525-84D97E21786C}.Debug|x86.ActiveCfg = Debug|Any CPU
		{F8D010D3-2133-4621-A525-84D97E21786C}.Debug|x86.Build.0 = Debug|Any CPU
		{F8D010D3-2133-4621-A525-84D97E21786C}.Release|Any CPU.ActiveCfg = Release|Any CPU
		{F8D010D3-2133-4621-A525-84D97E21786C}.Release|Any CPU.Build.0 = Release|Any CPU
		{F8D010D3-2133-4621-A525-84D97E21786C}.Release|x64.ActiveCfg = Release|Any CPU
		{F8D010D3-2133-4621-A525-84D97E21786C}.Release|x64.Build.0 = Release|Any CPU
		{F8D010D3-2133-4621-A525-84D97E21786C}.Release|x86.ActiveCfg = Release|Any CPU
		{F8D010D3-2133-4621-A525-84D97E21786C}.Release|x86.Build.0 = Release|Any CPU
		{EF154D47-57A7-492D-BB79-5D803AE2310D}.Debug|Any CPU.ActiveCfg = Debug|Any CPU
		{EF154D47-57A7-492D-BB79-5D803AE2310D}.Debug|Any CPU.Build.0 = Debug|Any CPU
		{EF154D47-57A7-492D-BB79-5D803AE2310D}.Debug|x64.ActiveCfg = Debug|Any CPU
		{EF154D47-57A7-492D-BB79-5D803AE2310D}.Debug|x64.Build.0 = Debug|Any CPU
		{EF154D47-57A7-492D-BB79-5D803AE2310D}.Debug|x86.ActiveCfg = Debug|Any CPU
		{EF154D47-57A7-492D-BB79-5D803AE2310D}.Debug|x86.Build.0 = Debug|Any CPU
		{EF154D47-57A7-492D-BB79-5D803AE2310D}.Release|Any CPU.ActiveCfg = Release|Any CPU
		{EF154D47-57A7-492D-BB79-5D803AE2310D}.Release|Any CPU.Build.0 = Release|Any CPU
		{EF154D47-57A7-492D-BB79-5D803AE2310D}.Release|x64.ActiveCfg = Release|Any CPU
		{EF154D47-57A7-492D-BB79-5D803AE2310D}.Release|x64.Build.0 = Release|Any CPU
		{EF154D47-57A7-492D-BB79-5D803AE2310D}.Release|x86.ActiveCfg = Release|Any CPU
		{EF154D47-57A7-492D-BB79-5D803AE2310D}.Release|x86.Build.0 = Release|Any CPU
		{908ED09E-9172-4BAF-B81D-62E8AEE79F62}.Debug|Any CPU.ActiveCfg = Debug|Any CPU
		{908ED09E-9172-4BAF-B81D-62E8AEE79F62}.Debug|Any CPU.Build.0 = Debug|Any CPU
		{908ED09E-9172-4BAF-B81D-62E8AEE79F62}.Debug|x64.ActiveCfg = Debug|Any CPU
		{908ED09E-9172-4BAF-B81D-62E8AEE79F62}.Debug|x64.Build.0 = Debug|Any CPU
		{908ED09E-9172-4BAF-B81D-62E8AEE79F62}.Debug|x86.ActiveCfg = Debug|Any CPU
		{908ED09E-9172-4BAF-B81D-62E8AEE79F62}.Debug|x86.Build.0 = Debug|Any CPU
		{908ED09E-9172-4BAF-B81D-62E8AEE79F62}.Release|Any CPU.ActiveCfg = Release|Any CPU
		{908ED09E-9172-4BAF-B81D-62E8AEE79F62}.Release|Any CPU.Build.0 = Release|Any CPU
		{908ED09E-9172-4BAF-B81D-62E8AEE79F62}.Release|x64.ActiveCfg = Release|Any CPU
		{908ED09E-9172-4BAF-B81D-62E8AEE79F62}.Release|x64.Build.0 = Release|Any CPU
		{908ED09E-9172-4BAF-B81D-62E8AEE79F62}.Release|x86.ActiveCfg = Release|Any CPU
		{908ED09E-9172-4BAF-B81D-62E8AEE79F62}.Release|x86.Build.0 = Release|Any CPU
		{0C65532A-4C1E-40A3-98F6-5A86192F77F6}.Debug|Any CPU.ActiveCfg = Debug|Any CPU
		{0C65532A-4C1E-40A3-98F6-5A86192F77F6}.Debug|Any CPU.Build.0 = Debug|Any CPU
		{0C65532A-4C1E-40A3-98F6-5A86192F77F6}.Debug|x64.ActiveCfg = Debug|Any CPU
		{0C65532A-4C1E-40A3-98F6-5A86192F77F6}.Debug|x64.Build.0 = Debug|Any CPU
		{0C65532A-4C1E-40A3-98F6-5A86192F77F6}.Debug|x86.ActiveCfg = Debug|Any CPU
		{0C65532A-4C1E-40A3-98F6-5A86192F77F6}.Debug|x86.Build.0 = Debug|Any CPU
		{0C65532A-4C1E-40A3-98F6-5A86192F77F6}.Release|Any CPU.ActiveCfg = Release|Any CPU
		{0C65532A-4C1E-40A3-98F6-5A86192F77F6}.Release|Any CPU.Build.0 = Release|Any CPU
		{0C65532A-4C1E-40A3-98F6-5A86192F77F6}.Release|x64.ActiveCfg = Release|Any CPU
		{0C65532A-4C1E-40A3-98F6-5A86192F77F6}.Release|x64.Build.0 = Release|Any CPU
		{0C65532A-4C1E-40A3-98F6-5A86192F77F6}.Release|x86.ActiveCfg = Release|Any CPU
		{0C65532A-4C1E-40A3-98F6-5A86192F77F6}.Release|x86.Build.0 = Release|Any CPU
		{D1B856F9-7F8A-4816-8175-759A3E380813}.Debug|Any CPU.ActiveCfg = Debug|Any CPU
		{D1B856F9-7F8A-4816-8175-759A3E380813}.Debug|Any CPU.Build.0 = Debug|Any CPU
		{D1B856F9-7F8A-4816-8175-759A3E380813}.Debug|x64.ActiveCfg = Debug|Any CPU
		{D1B856F9-7F8A-4816-8175-759A3E380813}.Debug|x64.Build.0 = Debug|Any CPU
		{D1B856F9-7F8A-4816-8175-759A3E380813}.Debug|x86.ActiveCfg = Debug|Any CPU
		{D1B856F9-7F8A-4816-8175-759A3E380813}.Debug|x86.Build.0 = Debug|Any CPU
		{D1B856F9-7F8A-4816-8175-759A3E380813}.Release|Any CPU.ActiveCfg = Release|Any CPU
		{D1B856F9-7F8A-4816-8175-759A3E380813}.Release|Any CPU.Build.0 = Release|Any CPU
		{D1B856F9-7F8A-4816-8175-759A3E380813}.Release|x64.ActiveCfg = Release|Any CPU
		{D1B856F9-7F8A-4816-8175-759A3E380813}.Release|x64.Build.0 = Release|Any CPU
		{D1B856F9-7F8A-4816-8175-759A3E380813}.Release|x86.ActiveCfg = Release|Any CPU
		{D1B856F9-7F8A-4816-8175-759A3E380813}.Release|x86.Build.0 = Release|Any CPU
		{A432B9EB-C4BB-46D4-A1D3-BE3960E36383}.Debug|Any CPU.ActiveCfg = Debug|Any CPU
		{A432B9EB-C4BB-46D4-A1D3-BE3960E36383}.Debug|Any CPU.Build.0 = Debug|Any CPU
		{A432B9EB-C4BB-46D4-A1D3-BE3960E36383}.Debug|x64.ActiveCfg = Debug|Any CPU
		{A432B9EB-C4BB-46D4-A1D3-BE3960E36383}.Debug|x64.Build.0 = Debug|Any CPU
		{A432B9EB-C4BB-46D4-A1D3-BE3960E36383}.Debug|x86.ActiveCfg = Debug|Any CPU
		{A432B9EB-C4BB-46D4-A1D3-BE3960E36383}.Debug|x86.Build.0 = Debug|Any CPU
		{A432B9EB-C4BB-46D4-A1D3-BE3960E36383}.Release|Any CPU.ActiveCfg = Release|Any CPU
		{A432B9EB-C4BB-46D4-A1D3-BE3960E36383}.Release|Any CPU.Build.0 = Release|Any CPU
		{A432B9EB-C4BB-46D4-A1D3-BE3960E36383}.Release|x64.ActiveCfg = Release|Any CPU
		{A432B9EB-C4BB-46D4-A1D3-BE3960E36383}.Release|x64.Build.0 = Release|Any CPU
		{A432B9EB-C4BB-46D4-A1D3-BE3960E36383}.Release|x86.ActiveCfg = Release|Any CPU
		{A432B9EB-C4BB-46D4-A1D3-BE3960E36383}.Release|x86.Build.0 = Release|Any CPU
		{FA61A92D-C925-4586-A604-2C98EADAB65B}.Debug|Any CPU.ActiveCfg = Debug|Any CPU
		{FA61A92D-C925-4586-A604-2C98EADAB65B}.Debug|Any CPU.Build.0 = Debug|Any CPU
		{FA61A92D-C925-4586-A604-2C98EADAB65B}.Debug|x64.ActiveCfg = Debug|Any CPU
		{FA61A92D-C925-4586-A604-2C98EADAB65B}.Debug|x64.Build.0 = Debug|Any CPU
		{FA61A92D-C925-4586-A604-2C98EADAB65B}.Debug|x86.ActiveCfg = Debug|Any CPU
		{FA61A92D-C925-4586-A604-2C98EADAB65B}.Debug|x86.Build.0 = Debug|Any CPU
		{FA61A92D-C925-4586-A604-2C98EADAB65B}.Release|Any CPU.ActiveCfg = Release|Any CPU
		{FA61A92D-C925-4586-A604-2C98EADAB65B}.Release|Any CPU.Build.0 = Release|Any CPU
		{FA61A92D-C925-4586-A604-2C98EADAB65B}.Release|x64.ActiveCfg = Release|Any CPU
		{FA61A92D-C925-4586-A604-2C98EADAB65B}.Release|x64.Build.0 = Release|Any CPU
		{FA61A92D-C925-4586-A604-2C98EADAB65B}.Release|x86.ActiveCfg = Release|Any CPU
		{FA61A92D-C925-4586-A604-2C98EADAB65B}.Release|x86.Build.0 = Release|Any CPU
		{B70AAB60-3D1A-402C-BABC-C87536E8E4B9}.Debug|Any CPU.ActiveCfg = Debug|Any CPU
		{B70AAB60-3D1A-402C-BABC-C87536E8E4B9}.Debug|Any CPU.Build.0 = Debug|Any CPU
		{B70AAB60-3D1A-402C-BABC-C87536E8E4B9}.Debug|x64.ActiveCfg = Debug|Any CPU
		{B70AAB60-3D1A-402C-BABC-C87536E8E4B9}.Debug|x64.Build.0 = Debug|Any CPU
		{B70AAB60-3D1A-402C-BABC-C87536E8E4B9}.Debug|x86.ActiveCfg = Debug|Any CPU
		{B70AAB60-3D1A-402C-BABC-C87536E8E4B9}.Debug|x86.Build.0 = Debug|Any CPU
		{B70AAB60-3D1A-402C-BABC-C87536E8E4B9}.Release|Any CPU.ActiveCfg = Release|Any CPU
		{B70AAB60-3D1A-402C-BABC-C87536E8E4B9}.Release|Any CPU.Build.0 = Release|Any CPU
		{B70AAB60-3D1A-402C-BABC-C87536E8E4B9}.Release|x64.ActiveCfg = Release|Any CPU
		{B70AAB60-3D1A-402C-BABC-C87536E8E4B9}.Release|x64.Build.0 = Release|Any CPU
		{B70AAB60-3D1A-402C-BABC-C87536E8E4B9}.Release|x86.ActiveCfg = Release|Any CPU
		{B70AAB60-3D1A-402C-BABC-C87536E8E4B9}.Release|x86.Build.0 = Release|Any CPU
		{DE393E70-91D7-44AC-A712-820486A3B289}.Debug|Any CPU.ActiveCfg = Debug|Any CPU
		{DE393E70-91D7-44AC-A712-820486A3B289}.Debug|Any CPU.Build.0 = Debug|Any CPU
		{DE393E70-91D7-44AC-A712-820486A3B289}.Debug|x64.ActiveCfg = Debug|Any CPU
		{DE393E70-91D7-44AC-A712-820486A3B289}.Debug|x64.Build.0 = Debug|Any CPU
		{DE393E70-91D7-44AC-A712-820486A3B289}.Debug|x86.ActiveCfg = Debug|Any CPU
		{DE393E70-91D7-44AC-A712-820486A3B289}.Debug|x86.Build.0 = Debug|Any CPU
		{DE393E70-91D7-44AC-A712-820486A3B289}.Release|Any CPU.ActiveCfg = Release|Any CPU
		{DE393E70-91D7-44AC-A712-820486A3B289}.Release|Any CPU.Build.0 = Release|Any CPU
		{DE393E70-91D7-44AC-A712-820486A3B289}.Release|x64.ActiveCfg = Release|Any CPU
		{DE393E70-91D7-44AC-A712-820486A3B289}.Release|x64.Build.0 = Release|Any CPU
		{DE393E70-91D7-44AC-A712-820486A3B289}.Release|x86.ActiveCfg = Release|Any CPU
		{DE393E70-91D7-44AC-A712-820486A3B289}.Release|x86.Build.0 = Release|Any CPU
		{9F635D52-35BC-4793-AA31-FCFA01BF117A}.Debug|Any CPU.ActiveCfg = Debug|Any CPU
		{9F635D52-35BC-4793-AA31-FCFA01BF117A}.Debug|Any CPU.Build.0 = Debug|Any CPU
		{9F635D52-35BC-4793-AA31-FCFA01BF117A}.Debug|x64.ActiveCfg = Debug|Any CPU
		{9F635D52-35BC-4793-AA31-FCFA01BF117A}.Debug|x64.Build.0 = Debug|Any CPU
		{9F635D52-35BC-4793-AA31-FCFA01BF117A}.Debug|x86.ActiveCfg = Debug|Any CPU
		{9F635D52-35BC-4793-AA31-FCFA01BF117A}.Debug|x86.Build.0 = Debug|Any CPU
		{9F635D52-35BC-4793-AA31-FCFA01BF117A}.Release|Any CPU.ActiveCfg = Release|Any CPU
		{9F635D52-35BC-4793-AA31-FCFA01BF117A}.Release|Any CPU.Build.0 = Release|Any CPU
		{9F635D52-35BC-4793-AA31-FCFA01BF117A}.Release|x64.ActiveCfg = Release|Any CPU
		{9F635D52-35BC-4793-AA31-FCFA01BF117A}.Release|x64.Build.0 = Release|Any CPU
		{9F635D52-35BC-4793-AA31-FCFA01BF117A}.Release|x86.ActiveCfg = Release|Any CPU
		{9F635D52-35BC-4793-AA31-FCFA01BF117A}.Release|x86.Build.0 = Release|Any CPU
		{8B7D989D-5106-4197-AF06-CBF27968CBAE}.Debug|Any CPU.ActiveCfg = Debug|Any CPU
		{8B7D989D-5106-4197-AF06-CBF27968CBAE}.Debug|Any CPU.Build.0 = Debug|Any CPU
		{8B7D989D-5106-4197-AF06-CBF27968CBAE}.Debug|x64.ActiveCfg = Debug|Any CPU
		{8B7D989D-5106-4197-AF06-CBF27968CBAE}.Debug|x64.Build.0 = Debug|Any CPU
		{8B7D989D-5106-4197-AF06-CBF27968CBAE}.Debug|x86.ActiveCfg = Debug|Any CPU
		{8B7D989D-5106-4197-AF06-CBF27968CBAE}.Debug|x86.Build.0 = Debug|Any CPU
		{8B7D989D-5106-4197-AF06-CBF27968CBAE}.Release|Any CPU.ActiveCfg = Release|Any CPU
		{8B7D989D-5106-4197-AF06-CBF27968CBAE}.Release|Any CPU.Build.0 = Release|Any CPU
		{8B7D989D-5106-4197-AF06-CBF27968CBAE}.Release|x64.ActiveCfg = Release|Any CPU
		{8B7D989D-5106-4197-AF06-CBF27968CBAE}.Release|x64.Build.0 = Release|Any CPU
		{8B7D989D-5106-4197-AF06-CBF27968CBAE}.Release|x86.ActiveCfg = Release|Any CPU
		{8B7D989D-5106-4197-AF06-CBF27968CBAE}.Release|x86.Build.0 = Release|Any CPU
		{1F2C123C-2D79-4AAD-8D8D-76A31195F339}.Debug|Any CPU.ActiveCfg = Debug|Any CPU
		{1F2C123C-2D79-4AAD-8D8D-76A31195F339}.Debug|Any CPU.Build.0 = Debug|Any CPU
		{1F2C123C-2D79-4AAD-8D8D-76A31195F339}.Debug|x64.ActiveCfg = Debug|Any CPU
		{1F2C123C-2D79-4AAD-8D8D-76A31195F339}.Debug|x64.Build.0 = Debug|Any CPU
		{1F2C123C-2D79-4AAD-8D8D-76A31195F339}.Debug|x86.ActiveCfg = Debug|Any CPU
		{1F2C123C-2D79-4AAD-8D8D-76A31195F339}.Debug|x86.Build.0 = Debug|Any CPU
		{1F2C123C-2D79-4AAD-8D8D-76A31195F339}.Release|Any CPU.ActiveCfg = Release|Any CPU
		{1F2C123C-2D79-4AAD-8D8D-76A31195F339}.Release|Any CPU.Build.0 = Release|Any CPU
		{1F2C123C-2D79-4AAD-8D8D-76A31195F339}.Release|x64.ActiveCfg = Release|Any CPU
		{1F2C123C-2D79-4AAD-8D8D-76A31195F339}.Release|x64.Build.0 = Release|Any CPU
		{1F2C123C-2D79-4AAD-8D8D-76A31195F339}.Release|x86.ActiveCfg = Release|Any CPU
		{1F2C123C-2D79-4AAD-8D8D-76A31195F339}.Release|x86.Build.0 = Release|Any CPU
		{C28B3C29-D9D6-4F1B-B9E2-8CAB58EE27F0}.Debug|Any CPU.ActiveCfg = Debug|Any CPU
		{C28B3C29-D9D6-4F1B-B9E2-8CAB58EE27F0}.Debug|Any CPU.Build.0 = Debug|Any CPU
		{C28B3C29-D9D6-4F1B-B9E2-8CAB58EE27F0}.Debug|x64.ActiveCfg = Debug|Any CPU
		{C28B3C29-D9D6-4F1B-B9E2-8CAB58EE27F0}.Debug|x64.Build.0 = Debug|Any CPU
		{C28B3C29-D9D6-4F1B-B9E2-8CAB58EE27F0}.Debug|x86.ActiveCfg = Debug|Any CPU
		{C28B3C29-D9D6-4F1B-B9E2-8CAB58EE27F0}.Debug|x86.Build.0 = Debug|Any CPU
		{C28B3C29-D9D6-4F1B-B9E2-8CAB58EE27F0}.Release|Any CPU.ActiveCfg = Release|Any CPU
		{C28B3C29-D9D6-4F1B-B9E2-8CAB58EE27F0}.Release|Any CPU.Build.0 = Release|Any CPU
		{C28B3C29-D9D6-4F1B-B9E2-8CAB58EE27F0}.Release|x64.ActiveCfg = Release|Any CPU
		{C28B3C29-D9D6-4F1B-B9E2-8CAB58EE27F0}.Release|x64.Build.0 = Release|Any CPU
		{C28B3C29-D9D6-4F1B-B9E2-8CAB58EE27F0}.Release|x86.ActiveCfg = Release|Any CPU
		{C28B3C29-D9D6-4F1B-B9E2-8CAB58EE27F0}.Release|x86.Build.0 = Release|Any CPU
		{F57B1DBD-ACFF-4D51-B0EC-F8D4D672A394}.Debug|Any CPU.ActiveCfg = Debug|Any CPU
		{F57B1DBD-ACFF-4D51-B0EC-F8D4D672A394}.Debug|Any CPU.Build.0 = Debug|Any CPU
		{F57B1DBD-ACFF-4D51-B0EC-F8D4D672A394}.Debug|x64.ActiveCfg = Debug|Any CPU
		{F57B1DBD-ACFF-4D51-B0EC-F8D4D672A394}.Debug|x64.Build.0 = Debug|Any CPU
		{F57B1DBD-ACFF-4D51-B0EC-F8D4D672A394}.Debug|x86.ActiveCfg = Debug|Any CPU
		{F57B1DBD-ACFF-4D51-B0EC-F8D4D672A394}.Debug|x86.Build.0 = Debug|Any CPU
		{F57B1DBD-ACFF-4D51-B0EC-F8D4D672A394}.Release|Any CPU.ActiveCfg = Release|Any CPU
		{F57B1DBD-ACFF-4D51-B0EC-F8D4D672A394}.Release|Any CPU.Build.0 = Release|Any CPU
		{F57B1DBD-ACFF-4D51-B0EC-F8D4D672A394}.Release|x64.ActiveCfg = Release|Any CPU
		{F57B1DBD-ACFF-4D51-B0EC-F8D4D672A394}.Release|x64.Build.0 = Release|Any CPU
		{F57B1DBD-ACFF-4D51-B0EC-F8D4D672A394}.Release|x86.ActiveCfg = Release|Any CPU
		{F57B1DBD-ACFF-4D51-B0EC-F8D4D672A394}.Release|x86.Build.0 = Release|Any CPU
		{749EC336-C280-4DC2-A9B5-E97B4A2F2F0A}.Debug|Any CPU.ActiveCfg = Debug|Any CPU
		{749EC336-C280-4DC2-A9B5-E97B4A2F2F0A}.Debug|Any CPU.Build.0 = Debug|Any CPU
		{749EC336-C280-4DC2-A9B5-E97B4A2F2F0A}.Debug|x64.ActiveCfg = Debug|Any CPU
		{749EC336-C280-4DC2-A9B5-E97B4A2F2F0A}.Debug|x64.Build.0 = Debug|Any CPU
		{749EC336-C280-4DC2-A9B5-E97B4A2F2F0A}.Debug|x86.ActiveCfg = Debug|Any CPU
		{749EC336-C280-4DC2-A9B5-E97B4A2F2F0A}.Debug|x86.Build.0 = Debug|Any CPU
		{749EC336-C280-4DC2-A9B5-E97B4A2F2F0A}.Release|Any CPU.ActiveCfg = Release|Any CPU
		{749EC336-C280-4DC2-A9B5-E97B4A2F2F0A}.Release|Any CPU.Build.0 = Release|Any CPU
		{749EC336-C280-4DC2-A9B5-E97B4A2F2F0A}.Release|x64.ActiveCfg = Release|Any CPU
		{749EC336-C280-4DC2-A9B5-E97B4A2F2F0A}.Release|x64.Build.0 = Release|Any CPU
		{749EC336-C280-4DC2-A9B5-E97B4A2F2F0A}.Release|x86.ActiveCfg = Release|Any CPU
		{749EC336-C280-4DC2-A9B5-E97B4A2F2F0A}.Release|x86.Build.0 = Release|Any CPU
		{B7DDE81B-7C9D-482F-BBDC-70123C7864B6}.Debug|Any CPU.ActiveCfg = Debug|Any CPU
		{B7DDE81B-7C9D-482F-BBDC-70123C7864B6}.Debug|Any CPU.Build.0 = Debug|Any CPU
		{B7DDE81B-7C9D-482F-BBDC-70123C7864B6}.Debug|x64.ActiveCfg = Debug|Any CPU
		{B7DDE81B-7C9D-482F-BBDC-70123C7864B6}.Debug|x64.Build.0 = Debug|Any CPU
		{B7DDE81B-7C9D-482F-BBDC-70123C7864B6}.Debug|x86.ActiveCfg = Debug|Any CPU
		{B7DDE81B-7C9D-482F-BBDC-70123C7864B6}.Debug|x86.Build.0 = Debug|Any CPU
		{B7DDE81B-7C9D-482F-BBDC-70123C7864B6}.Release|Any CPU.ActiveCfg = Release|Any CPU
		{B7DDE81B-7C9D-482F-BBDC-70123C7864B6}.Release|Any CPU.Build.0 = Release|Any CPU
		{B7DDE81B-7C9D-482F-BBDC-70123C7864B6}.Release|x64.ActiveCfg = Release|Any CPU
		{B7DDE81B-7C9D-482F-BBDC-70123C7864B6}.Release|x64.Build.0 = Release|Any CPU
		{B7DDE81B-7C9D-482F-BBDC-70123C7864B6}.Release|x86.ActiveCfg = Release|Any CPU
		{B7DDE81B-7C9D-482F-BBDC-70123C7864B6}.Release|x86.Build.0 = Release|Any CPU
		{883F029F-DA87-40F3-8564-23E1E52D91D7}.Debug|Any CPU.ActiveCfg = Debug|Any CPU
		{883F029F-DA87-40F3-8564-23E1E52D91D7}.Debug|Any CPU.Build.0 = Debug|Any CPU
		{883F029F-DA87-40F3-8564-23E1E52D91D7}.Debug|x64.ActiveCfg = Debug|Any CPU
		{883F029F-DA87-40F3-8564-23E1E52D91D7}.Debug|x64.Build.0 = Debug|Any CPU
		{883F029F-DA87-40F3-8564-23E1E52D91D7}.Debug|x86.ActiveCfg = Debug|Any CPU
		{883F029F-DA87-40F3-8564-23E1E52D91D7}.Debug|x86.Build.0 = Debug|Any CPU
		{883F029F-DA87-40F3-8564-23E1E52D91D7}.Release|Any CPU.ActiveCfg = Release|Any CPU
		{883F029F-DA87-40F3-8564-23E1E52D91D7}.Release|Any CPU.Build.0 = Release|Any CPU
		{883F029F-DA87-40F3-8564-23E1E52D91D7}.Release|x64.ActiveCfg = Release|Any CPU
		{883F029F-DA87-40F3-8564-23E1E52D91D7}.Release|x64.Build.0 = Release|Any CPU
		{883F029F-DA87-40F3-8564-23E1E52D91D7}.Release|x86.ActiveCfg = Release|Any CPU
		{883F029F-DA87-40F3-8564-23E1E52D91D7}.Release|x86.Build.0 = Release|Any CPU
		{FB3EBB17-CF81-4E69-844D-C2F5A73E0EC3}.Debug|Any CPU.ActiveCfg = Debug|Any CPU
		{FB3EBB17-CF81-4E69-844D-C2F5A73E0EC3}.Debug|Any CPU.Build.0 = Debug|Any CPU
		{FB3EBB17-CF81-4E69-844D-C2F5A73E0EC3}.Debug|x64.ActiveCfg = Debug|Any CPU
		{FB3EBB17-CF81-4E69-844D-C2F5A73E0EC3}.Debug|x64.Build.0 = Debug|Any CPU
		{FB3EBB17-CF81-4E69-844D-C2F5A73E0EC3}.Debug|x86.ActiveCfg = Debug|Any CPU
		{FB3EBB17-CF81-4E69-844D-C2F5A73E0EC3}.Debug|x86.Build.0 = Debug|Any CPU
		{FB3EBB17-CF81-4E69-844D-C2F5A73E0EC3}.Release|Any CPU.ActiveCfg = Release|Any CPU
		{FB3EBB17-CF81-4E69-844D-C2F5A73E0EC3}.Release|Any CPU.Build.0 = Release|Any CPU
		{FB3EBB17-CF81-4E69-844D-C2F5A73E0EC3}.Release|x64.ActiveCfg = Release|Any CPU
		{FB3EBB17-CF81-4E69-844D-C2F5A73E0EC3}.Release|x64.Build.0 = Release|Any CPU
		{FB3EBB17-CF81-4E69-844D-C2F5A73E0EC3}.Release|x86.ActiveCfg = Release|Any CPU
		{FB3EBB17-CF81-4E69-844D-C2F5A73E0EC3}.Release|x86.Build.0 = Release|Any CPU
		{CFE5DC66-3087-4075-B49D-8CDEC6FB9A22}.Debug|Any CPU.ActiveCfg = Debug|Any CPU
		{CFE5DC66-3087-4075-B49D-8CDEC6FB9A22}.Debug|Any CPU.Build.0 = Debug|Any CPU
		{CFE5DC66-3087-4075-B49D-8CDEC6FB9A22}.Debug|x64.ActiveCfg = Debug|Any CPU
		{CFE5DC66-3087-4075-B49D-8CDEC6FB9A22}.Debug|x64.Build.0 = Debug|Any CPU
		{CFE5DC66-3087-4075-B49D-8CDEC6FB9A22}.Debug|x86.ActiveCfg = Debug|Any CPU
		{CFE5DC66-3087-4075-B49D-8CDEC6FB9A22}.Debug|x86.Build.0 = Debug|Any CPU
		{CFE5DC66-3087-4075-B49D-8CDEC6FB9A22}.Release|Any CPU.ActiveCfg = Release|Any CPU
		{CFE5DC66-3087-4075-B49D-8CDEC6FB9A22}.Release|Any CPU.Build.0 = Release|Any CPU
		{CFE5DC66-3087-4075-B49D-8CDEC6FB9A22}.Release|x64.ActiveCfg = Release|Any CPU
		{CFE5DC66-3087-4075-B49D-8CDEC6FB9A22}.Release|x64.Build.0 = Release|Any CPU
		{CFE5DC66-3087-4075-B49D-8CDEC6FB9A22}.Release|x86.ActiveCfg = Release|Any CPU
		{CFE5DC66-3087-4075-B49D-8CDEC6FB9A22}.Release|x86.Build.0 = Release|Any CPU
		{F33625FF-29A1-4075-ACED-DD1014D51745}.Debug|Any CPU.ActiveCfg = Debug|Any CPU
		{F33625FF-29A1-4075-ACED-DD1014D51745}.Debug|Any CPU.Build.0 = Debug|Any CPU
		{F33625FF-29A1-4075-ACED-DD1014D51745}.Debug|x64.ActiveCfg = Debug|Any CPU
		{F33625FF-29A1-4075-ACED-DD1014D51745}.Debug|x64.Build.0 = Debug|Any CPU
		{F33625FF-29A1-4075-ACED-DD1014D51745}.Debug|x86.ActiveCfg = Debug|Any CPU
		{F33625FF-29A1-4075-ACED-DD1014D51745}.Debug|x86.Build.0 = Debug|Any CPU
		{F33625FF-29A1-4075-ACED-DD1014D51745}.Release|Any CPU.ActiveCfg = Release|Any CPU
		{F33625FF-29A1-4075-ACED-DD1014D51745}.Release|Any CPU.Build.0 = Release|Any CPU
		{F33625FF-29A1-4075-ACED-DD1014D51745}.Release|x64.ActiveCfg = Release|Any CPU
		{F33625FF-29A1-4075-ACED-DD1014D51745}.Release|x64.Build.0 = Release|Any CPU
		{F33625FF-29A1-4075-ACED-DD1014D51745}.Release|x86.ActiveCfg = Release|Any CPU
		{F33625FF-29A1-4075-ACED-DD1014D51745}.Release|x86.Build.0 = Release|Any CPU
	EndGlobalSection
	GlobalSection(SolutionProperties) = preSolution
		HideSolutionNode = FALSE
	EndGlobalSection
	GlobalSection(NestedProjects) = preSolution
		{B0A116DD-E27A-4E37-963C-EB1E51BE73BC} = {827E0CD3-B72D-47B6-A68D-7590B98EB39B}
		{0BC0A170-83B2-4871-8B50-6090793C79B3} = {827E0CD3-B72D-47B6-A68D-7590B98EB39B}
		{54B5BC55-F9CA-4135-87BE-8561C1DF93E0} = {0AB3BF05-4346-4AA6-1389-037BE0695223}
		{99DEC633-9C13-4F77-AEC8-E69B99C4502E} = {827E0CD3-B72D-47B6-A68D-7590B98EB39B}
		{1A8DFFAC-31C9-4A48-80BE-49107F924A0F} = {827E0CD3-B72D-47B6-A68D-7590B98EB39B}
		{F8D010D3-2133-4621-A525-84D97E21786C} = {0AB3BF05-4346-4AA6-1389-037BE0695223}
		{EF154D47-57A7-492D-BB79-5D803AE2310D} = {827E0CD3-B72D-47B6-A68D-7590B98EB39B}
		{908ED09E-9172-4BAF-B81D-62E8AEE79F62} = {0AB3BF05-4346-4AA6-1389-037BE0695223}
		{0C65532A-4C1E-40A3-98F6-5A86192F77F6} = {827E0CD3-B72D-47B6-A68D-7590B98EB39B}
		{D1B856F9-7F8A-4816-8175-759A3E380813} = {827E0CD3-B72D-47B6-A68D-7590B98EB39B}
		{A432B9EB-C4BB-46D4-A1D3-BE3960E36383} = {0AB3BF05-4346-4AA6-1389-037BE0695223}
		{FA61A92D-C925-4586-A604-2C98EADAB65B} = {827E0CD3-B72D-47B6-A68D-7590B98EB39B}
		{B70AAB60-3D1A-402C-BABC-C87536E8E4B9} = {827E0CD3-B72D-47B6-A68D-7590B98EB39B}
		{DE393E70-91D7-44AC-A712-820486A3B289} = {0AB3BF05-4346-4AA6-1389-037BE0695223}
		{9F635D52-35BC-4793-AA31-FCFA01BF117A} = {827E0CD3-B72D-47B6-A68D-7590B98EB39B}
		{8B7D989D-5106-4197-AF06-CBF27968CBAE} = {827E0CD3-B72D-47B6-A68D-7590B98EB39B}
		{1F2C123C-2D79-4AAD-8D8D-76A31195F339} = {827E0CD3-B72D-47B6-A68D-7590B98EB39B}
		{C28B3C29-D9D6-4F1B-B9E2-8CAB58EE27F0} = {0AB3BF05-4346-4AA6-1389-037BE0695223}
		{F57B1DBD-ACFF-4D51-B0EC-F8D4D672A394} = {0AB3BF05-4346-4AA6-1389-037BE0695223}
		{749EC336-C280-4DC2-A9B5-E97B4A2F2F0A} = {827E0CD3-B72D-47B6-A68D-7590B98EB39B}
		{B7DDE81B-7C9D-482F-BBDC-70123C7864B6} = {827E0CD3-B72D-47B6-A68D-7590B98EB39B}
		{883F029F-DA87-40F3-8564-23E1E52D91D7} = {0AB3BF05-4346-4AA6-1389-037BE0695223}
		{FB3EBB17-CF81-4E69-844D-C2F5A73E0EC3} = {827E0CD3-B72D-47B6-A68D-7590B98EB39B}
		{CFE5DC66-3087-4075-B49D-8CDEC6FB9A22} = {827E0CD3-B72D-47B6-A68D-7590B98EB39B}
		{F33625FF-29A1-4075-ACED-DD1014D51745} = {0AB3BF05-4346-4AA6-1389-037BE0695223}
	EndGlobalSection
EndGlobal
