
Microsoft Visual Studio Solution File, Format Version 12.00
# Visual Studio Version 17
VisualStudioVersion = 17.0.31903.59
MinimumVisualStudioVersion = 10.0.40219.1
Project("{2150E333-8FDC-42A3-9474-1A3956D46DE8}") = "src", "src", "{827E0CD3-B72D-47B6-A68D-7590B98EB39B}"
EndProject
Project("{FAE04EC0-301F-11D3-BF4B-00C04F79EFBC}") = "Winix.TimeIt", "src\Winix.TimeIt\Winix.TimeIt.csproj", "{B0A116DD-E27A-4E37-963C-EB1E51BE73BC}"
EndProject
Project("{FAE04EC0-301F-11D3-BF4B-00C04F79EFBC}") = "timeit", "src\timeit\timeit.csproj", "{0BC0A170-83B2-4871-8B50-6090793C79B3}"
EndProject
Project("{2150E333-8FDC-42A3-9474-1A3956D46DE8}") = "tests", "tests", "{0AB3BF05-4346-4AA6-1389-037BE0695223}"
EndProject
Project("{FAE04EC0-301F-11D3-BF4B-00C04F79EFBC}") = "Winix.TimeIt.Tests", "tests\Winix.TimeIt.Tests\Winix.TimeIt.Tests.csproj", "{54B5BC55-F9CA-4135-87BE-8561C1DF93E0}"
EndProject
Project("{FAE04EC0-301F-11D3-BF4B-00C04F79EFBC}") = "Winix.Squeeze", "src\Winix.Squeeze\Winix.Squeeze.csproj", "{99DEC633-9C13-4F77-AEC8-E69B99C4502E}"
EndProject
Project("{FAE04EC0-301F-11D3-BF4B-00C04F79EFBC}") = "squeeze", "src\squeeze\squeeze.csproj", "{1A8DFFAC-31C9-4A48-80BE-49107F924A0F}"
EndProject
Project("{FAE04EC0-301F-11D3-BF4B-00C04F79EFBC}") = "Winix.Squeeze.Tests", "tests\Winix.Squeeze.Tests\Winix.Squeeze.Tests.csproj", "{F8D010D3-2133-4621-A525-84D97E21786C}"
EndProject
Project("{FAE04EC0-301F-11D3-BF4B-00C04F79EFBC}") = "Yort.ShellKit", "src\Yort.ShellKit\Yort.ShellKit.csproj", "{EF154D47-57A7-492D-BB79-5D803AE2310D}"
EndProject
Project("{FAE04EC0-301F-11D3-BF4B-00C04F79EFBC}") = "Yort.ShellKit.Tests", "tests\Yort.ShellKit.Tests\Yort.ShellKit.Tests.csproj", "{908ED09E-9172-4BAF-B81D-62E8AEE79F62}"
EndProject
Global
	GlobalSection(SolutionConfigurationPlatforms) = preSolution
		Debug|Any CPU = Debug|Any CPU
		Debug|x64 = Debug|x64
		Debug|x86 = Debug|x86
		Release|Any CPU = Release|Any CPU
		Release|x64 = Release|x64
		Release|x86 = Release|x86
	EndGlobalSection
	GlobalSection(ProjectConfigurationPlatforms) = postSolution
		{B0A116DD-E27A-4E37-963C-EB1E51BE73BC}.Debug|Any CPU.ActiveCfg = Debug|Any CPU
		{B0A116DD-E27A-4E37-963C-EB1E51BE73BC}.Debug|Any CPU.Build.0 = Debug|Any CPU
		{B0A116DD-E27A-4E37-963C-EB1E51BE73BC}.Debug|x64.ActiveCfg = Debug|Any CPU
		{B0A116DD-E27A-4E37-963C-EB1E51BE73BC}.Debug|x64.Build.0 = Debug|Any CPU
		{B0A116DD-E27A-4E37-963C-EB1E51BE73BC}.Debug|x86.ActiveCfg = Debug|Any CPU
		{B0A116DD-E27A-4E37-963C-EB1E51BE73BC}.Debug|x86.Build.0 = Debug|Any CPU
		{B0A116DD-E27A-4E37-963C-EB1E51BE73BC}.Release|Any CPU.ActiveCfg = Release|Any CPU
		{B0A116DD-E27A-4E37-963C-EB1E51BE73BC}.Release|Any CPU.Build.0 = Release|Any CPU
		{B0A116DD-E27A-4E37-963C-EB1E51BE73BC}.Release|x64.ActiveCfg = Release|Any CPU
		{B0A116DD-E27A-4E37-963C-EB1E51BE73BC}.Release|x64.Build.0 = Release|Any CPU
		{B0A116DD-E27A-4E37-963C-EB1E51BE73BC}.Release|x86.ActiveCfg = Release|Any CPU
		{B0A116DD-E27A-4E37-963C-EB1E51BE73BC}.Release|x86.Build.0 = Release|Any CPU
		{0BC0A170-83B2-4871-8B50-6090793C79B3}.Debug|Any CPU.ActiveCfg = Debug|Any CPU
		{0BC0A170-83B2-4871-8B50-6090793C79B3}.Debug|Any CPU.Build.0 = Debug|Any CPU
		{0BC0A170-83B2-4871-8B50-6090793C79B3}.Debug|x64.ActiveCfg = Debug|Any CPU
		{0BC0A170-83B2-4871-8B50-6090793C79B3}.Debug|x64.Build.0 = Debug|Any CPU
		{0BC0A170-83B2-4871-8B50-6090793C79B3}.Debug|x86.ActiveCfg = Debug|Any CPU
		{0BC0A170-83B2-4871-8B50-6090793C79B3}.Debug|x86.Build.0 = Debug|Any CPU
		{0BC0A170-83B2-4871-8B50-6090793C79B3}.Release|Any CPU.ActiveCfg = Release|Any CPU
		{0BC0A170-83B2-4871-8B50-6090793C79B3}.Release|Any CPU.Build.0 = Release|Any CPU
		{0BC0A170-83B2-4871-8B50-6090793C79B3}.Release|x64.ActiveCfg = Release|Any CPU
		{0BC0A170-83B2-4871-8B50-6090793C79B3}.Release|x64.Build.0 = Release|Any CPU
		{0BC0A170-83B2-4871-8B50-6090793C79B3}.Release|x86.ActiveCfg = Release|Any CPU
		{0BC0A170-83B2-4871-8B50-6090793C79B3}.Release|x86.Build.0 = Release|Any CPU
		{54B5BC55-F9CA-4135-87BE-8561C1DF93E0}.Debug|Any CPU.ActiveCfg = Debug|Any CPU
		{54B5BC55-F9CA-4135-87BE-8561C1DF93E0}.Debug|Any CPU.Build.0 = Debug|Any CPU
		{54B5BC55-F9CA-4135-87BE-8561C1DF93E0}.Debug|x64.ActiveCfg = Debug|Any CPU
		{54B5BC55-F9CA-4135-87BE-8561C1DF93E0}.Debug|x64.Build.0 = Debug|Any CPU
		{54B5BC55-F9CA-4135-87BE-8561C1DF93E0}.Debug|x86.ActiveCfg = Debug|Any CPU
		{54B5BC55-F9CA-4135-87BE-8561C1DF93E0}.Debug|x86.Build.0 = Debug|Any CPU
		{54B5BC55-F9CA-4135-87BE-8561C1DF93E0}.Release|Any CPU.ActiveCfg = Release|Any CPU
		{54B5BC55-F9CA-4135-87BE-8561C1DF93E0}.Release|Any CPU.Build.0 = Release|Any CPU
		{54B5BC55-F9CA-4135-87BE-8561C1DF93E0}.Release|x64.ActiveCfg = Release|Any CPU
		{54B5BC55-F9CA-4135-87BE-8561C1DF93E0}.Release|x64.Build.0 = Release|Any CPU
		{54B5BC55-F9CA-4135-87BE-8561C1DF93E0}.Release|x86.ActiveCfg = Release|Any CPU
		{54B5BC55-F9CA-4135-87BE-8561C1DF93E0}.Release|x86.Build.0 = Release|Any CPU
		{99DEC633-9C13-4F77-AEC8-E69B99C4502E}.Debug|Any CPU.ActiveCfg = Debug|Any CPU
		{99DEC633-9C13-4F77-AEC8-E69B99C4502E}.Debug|Any CPU.Build.0 = Debug|Any CPU
		{99DEC633-9C13-4F77-AEC8-E69B99C4502E}.Debug|x64.ActiveCfg = Debug|Any CPU
		{99DEC633-9C13-4F77-AEC8-E69B99C4502E}.Debug|x64.Build.0 = Debug|Any CPU
		{99DEC633-9C13-4F77-AEC8-E69B99C4502E}.Debug|x86.ActiveCfg = Debug|Any CPU
		{99DEC633-9C13-4F77-AEC8-E69B99C4502E}.Debug|x86.Build.0 = Debug|Any CPU
		{99DEC633-9C13-4F77-AEC8-E69B99C4502E}.Release|Any CPU.ActiveCfg = Release|Any CPU
		{99DEC633-9C13-4F77-AEC8-E69B99C4502E}.Release|Any CPU.Build.0 = Release|Any CPU
		{99DEC633-9C13-4F77-AEC8-E69B99C4502E}.Release|x64.ActiveCfg = Release|Any CPU
		{99DEC633-9C13-4F77-AEC8-E69B99C4502E}.Release|x64.Build.0 = Release|Any CPU
		{99DEC633-9C13-4F77-AEC8-E69B99C4502E}.Release|x86.ActiveCfg = Release|Any CPU
		{99DEC633-9C13-4F77-AEC8-E69B99C4502E}.Release|x86.Build.0 = Release|Any CPU
		{1A8DFFAC-31C9-4A48-80BE-49107F924A0F}.Debug|Any CPU.ActiveCfg = Debug|Any CPU
		{1A8DFFAC-31C9-4A48-80BE-49107F924A0F}.Debug|Any CPU.Build.0 = Debug|Any CPU
		{1A8DFFAC-31C9-4A48-80BE-49107F924A0F}.Debug|x64.ActiveCfg = Debug|Any CPU
		{1A8DFFAC-31C9-4A48-80BE-49107F924A0F}.Debug|x64.Build.0 = Debug|Any CPU
		{1A8DFFAC-31C9-4A48-80BE-49107F924A0F}.Debug|x86.ActiveCfg = Debug|Any CPU
		{1A8DFFAC-31C9-4A48-80BE-49107F924A0F}.Debug|x86.Build.0 = Debug|Any CPU
		{1A8DFFAC-31C9-4A48-80BE-49107F924A0F}.Release|Any CPU.ActiveCfg = Release|Any CPU
		{1A8DFFAC-31C9-4A48-80BE-49107F924A0F}.Release|Any CPU.Build.0 = Release|Any CPU
		{1A8DFFAC-31C9-4A48-80BE-49107F924A0F}.Release|x64.ActiveCfg = Release|Any CPU
		{1A8DFFAC-31C9-4A48-80BE-49107F924A0F}.Release|x64.Build.0 = Release|Any CPU
		{1A8DFFAC-31C9-4A48-80BE-49107F924A0F}.Release|x86.ActiveCfg = Release|Any CPU
		{1A8DFFAC-31C9-4A48-80BE-49107F924A0F}.Release|x86.Build.0 = Release|Any CPU
		{F8D010D3-2133-4621-A525-84D97E21786C}.Debug|Any CPU.ActiveCfg = Debug|Any CPU
		{F8D010D3-2133-4621-A525-84D97E21786C}.Debug|Any CPU.Build.0 = Debug|Any CPU
		{F8D010D3-2133-4621-A525-84D97E21786C}.Debug|x64.ActiveCfg = Debug|Any CPU
		{F8D010D3-2133-4621-A525-84D97E21786C}.Debug|x64.Build.0 = Debug|Any CPU
		{F8D010D3-2133-4621-A525-84D97E21786C}.Debug|x86.ActiveCfg = Debug|Any CPU
		{F8D010D3-2133-4621-A525-84D97E21786C}.Debug|x86.Build.0 = Debug|Any CPU
		{F8D010D3-2133-4621-A525-84D97E21786C}.Release|Any CPU.ActiveCfg = Release|Any CPU
		{F8D010D3-2133-4621-A525-84D97E21786C}.Release|Any CPU.Build.0 = Release|Any CPU
		{F8D010D3-2133-4621-A525-84D97E21786C}.Release|x64.ActiveCfg = Release|Any CPU
		{F8D010D3-2133-4621-A525-84D97E21786C}.Release|x64.Build.0 = Release|Any CPU
		{F8D010D3-2133-4621-A525-84D97E21786C}.Release|x86.ActiveCfg = Release|Any CPU
		{F8D010D3-2133-4621-A525-84D97E21786C}.Release|x86.Build.0 = Release|Any CPU
		{EF154D47-57A7-492D-BB79-5D803AE2310D}.Debug|Any CPU.ActiveCfg = Debug|Any CPU
		{EF154D47-57A7-492D-BB79-5D803AE2310D}.Debug|Any CPU.Build.0 = Debug|Any CPU
		{EF154D47-57A7-492D-BB79-5D803AE2310D}.Debug|x64.ActiveCfg = Debug|Any CPU
		{EF154D47-57A7-492D-BB79-5D803AE2310D}.Debug|x64.Build.0 = Debug|Any CPU
		{EF154D47-57A7-492D-BB79-5D803AE2310D}.Debug|x86.ActiveCfg = Debug|Any CPU
		{EF154D47-57A7-492D-BB79-5D803AE2310D}.Debug|x86.Build.0 = Debug|Any CPU
		{EF154D47-57A7-492D-BB79-5D803AE2310D}.Release|Any CPU.ActiveCfg = Release|Any CPU
		{EF154D47-57A7-492D-BB79-5D803AE2310D}.Release|Any CPU.Build.0 = Release|Any CPU
		{EF154D47-57A7-492D-BB79-5D803AE2310D}.Release|x64.ActiveCfg = Release|Any CPU
		{EF154D47-57A7-492D-BB79-5D803AE2310D}.Release|x64.Build.0 = Release|Any CPU
		{EF154D47-57A7-492D-BB79-5D803AE2310D}.Release|x86.ActiveCfg = Release|Any CPU
		{EF154D47-57A7-492D-BB79-5D803AE2310D}.Release|x86.Build.0 = Release|Any CPU
		{908ED09E-9172-4BAF-B81D-62E8AEE79F62}.Debug|Any CPU.ActiveCfg = Debug|Any CPU
		{908ED09E-9172-4BAF-B81D-62E8AEE79F62}.Debug|Any CPU.Build.0 = Debug|Any CPU
		{908ED09E-9172-4BAF-B81D-62E8AEE79F62}.Debug|x64.ActiveCfg = Debug|Any CPU
		{908ED09E-9172-4BAF-B81D-62E8AEE79F62}.Debug|x64.Build.0 = Debug|Any CPU
		{908ED09E-9172-4BAF-B81D-62E8AEE79F62}.Debug|x86.ActiveCfg = Debug|Any CPU
		{908ED09E-9172-4BAF-B81D-62E8AEE79F62}.Debug|x86.Build.0 = Debug|Any CPU
		{908ED09E-9172-4BAF-B81D-62E8AEE79F62}.Release|Any CPU.ActiveCfg = Release|Any CPU
		{908ED09E-9172-4BAF-B81D-62E8AEE79F62}.Release|Any CPU.Build.0 = Release|Any CPU
		{908ED09E-9172-4BAF-B81D-62E8AEE79F62}.Release|x64.ActiveCfg = Release|Any CPU
		{908ED09E-9172-4BAF-B81D-62E8AEE79F62}.Release|x64.Build.0 = Release|Any CPU
		{908ED09E-9172-4BAF-B81D-62E8AEE79F62}.Release|x86.ActiveCfg = Release|Any CPU
		{908ED09E-9172-4BAF-B81D-62E8AEE79F62}.Release|x86.Build.0 = Release|Any CPU
	EndGlobalSection
	GlobalSection(SolutionProperties) = preSolution
		HideSolutionNode = FALSE
	EndGlobalSection
	GlobalSection(NestedProjects) = preSolution
		{B0A116DD-E27A-4E37-963C-EB1E51BE73BC} = {827E0CD3-B72D-47B6-A68D-7590B98EB39B}
		{0BC0A170-83B2-4871-8B50-6090793C79B3} = {827E0CD3-B72D-47B6-A68D-7590B98EB39B}
		{54B5BC55-F9CA-4135-87BE-8561C1DF93E0} = {0AB3BF05-4346-4AA6-1389-037BE0695223}
		{99DEC633-9C13-4F77-AEC8-E69B99C4502E} = {827E0CD3-B72D-47B6-A68D-7590B98EB39B}
		{1A8DFFAC-31C9-4A48-80BE-49107F924A0F} = {827E0CD3-B72D-47B6-A68D-7590B98EB39B}
		{F8D010D3-2133-4621-A525-84D97E21786C} = {0AB3BF05-4346-4AA6-1389-037BE0695223}
		{EF154D47-57A7-492D-BB79-5D803AE2310D} = {827E0CD3-B72D-47B6-A68D-7590B98EB39B}
		{908ED09E-9172-4BAF-B81D-62E8AEE79F62} = {0AB3BF05-4346-4AA6-1389-037BE0695223}
	EndGlobalSection
EndGlobal
